{
  "version": 4,
  "terraform_version": "1.13.3",
  "serial": 83,
  "lineage": "a4020450-fa6e-9f37-5cae-6bc104e703cb",
  "outputs": {},
  "resources": [
    {
      "mode": "managed",
      "type": "null_resource",
      "name": "accept_marketplace_terms",
      "provider": "provider[\"registry.terraform.io/hashicorp/null\"]",
      "instances": [
        {
          "index_key": "6b025554-fc3d-49a6-a9a1-56d397909042",
          "schema_version": 0,
          "attributes": {
            "id": "69162344892297147",
            "triggers": {
              "subscription_id": "6b025554-fc3d-49a6-a9a1-56d397909042"
            }
          },
          "sensitive_attributes": [],
          "identity_schema_version": 0
        },
        {
          "index_key": "8f054358-9640-4873-a3bf-f1e3547ed39f",
          "schema_version": 0,
          "attributes": {
            "id": "6287274804224929199",
            "triggers": {
              "subscription_id": "8f054358-9640-4873-a3bf-f1e3547ed39f"
            }
          },
          "sensitive_attributes": [],
          "identity_schema_version": 0
        },
        {
          "index_key": "c7a18a12-7088-4955-8504-5156e8f48fdd",
          "schema_version": 0,
          "attributes": {
            "id": "6183313029808245777",
            "triggers": {
              "subscription_id": "c7a18a12-7088-4955-8504-5156e8f48fdd"
            }
          },
          "sensitive_attributes": [],
          "identity_schema_version": 0
        }
      ]
    },
    {
      "module": "module.nasuni_appliances[\"QISSCUTNUNIVP01\"].module.azure_nasuni",
      "mode": "data",
      "type": "azurerm_resource_group",
      "name": "nasuni",
      "provider": "provider[\"registry.terraform.io/hashicorp/azurerm\"].default",
      "instances": []
    },
    {
      "module": "module.nasuni_appliances[\"QISSCUTNUNIVP01\"].module.azure_nasuni",
      "mode": "data",
      "type": "azurerm_subnet",
      "name": "existing",
      "provider": "provider[\"registry.terraform.io/hashicorp/azurerm\"].default",
      "instances": []
    },
    {
      "module": "module.nasuni_appliances[\"QISSCUTNUNIVP01\"].module.azure_nasuni",
      "mode": "data",
      "type": "azurerm_virtual_network",
      "name": "existing",
      "provider": "provider[\"registry.terraform.io/hashicorp/azurerm\"].default",
      "instances": []
    },
    {
      "module": "module.nasuni_appliances[\"QTICCETNUNIVP01\"].module.azure_nasuni",
      "mode": "data",
      "type": "azurerm_resource_group",
      "name": "nasuni",
      "provider": "provider[\"registry.terraform.io/hashicorp/azurerm\"].default",
      "instances": []
    },
    {
      "module": "module.nasuni_appliances[\"QTICCETNUNIVP01\"].module.azure_nasuni",
      "mode": "data",
      "type": "azurerm_subnet",
      "name": "existing",
      "provider": "provider[\"registry.terraform.io/hashicorp/azurerm\"].default",
      "instances": []
    },
    {
      "module": "module.nasuni_appliances[\"QTICCETNUNIVP01\"].module.azure_nasuni",
      "mode": "data",
      "type": "azurerm_virtual_network",
      "name": "existing",
      "provider": "provider[\"registry.terraform.io/hashicorp/azurerm\"].default",
      "instances": []
    },
    {
      "module": "module.nasuni_appliances[\"QTIEU2TNUNIVP01\"].module.azure_nasuni",
      "mode": "data",
      "type": "azurerm_resource_group",
      "name": "nasuni",
      "provider": "provider[\"registry.terraform.io/hashicorp/azurerm\"].default",
      "instances": []
    },
    {
      "module": "module.nasuni_appliances[\"QTIEU2TNUNIVP01\"].module.azure_nasuni",
      "mode": "data",
      "type": "azurerm_subnet",
      "name": "existing",
      "provider": "provider[\"registry.terraform.io/hashicorp/azurerm\"].default",
      "instances": []
    },
    {
      "module": "module.nasuni_appliances[\"QTIEU2TNUNIVP01\"].module.azure_nasuni",
      "mode": "data",
      "type": "azurerm_virtual_network",
      "name": "existing",
      "provider": "provider[\"registry.terraform.io/hashicorp/azurerm\"].default",
      "instances": []
    },
    {
      "module": "module.nasuni_appliances_pgr[\"PGRSCUTNUNIVP01\"].module.azure_nasuni",
      "mode": "data",
      "type": "azurerm_resource_group",
      "name": "nasuni",
      "provider": "provider[\"registry.terraform.io/hashicorp/azurerm\"].sub1",
      "instances": [
        {
          "schema_version": 0,
          "attributes": {
            "id": "/subscriptions/c7a18a12-7088-4955-8504-5156e8f48fdd/resourceGroups/PGR-Nasuni-pd-scus-rg",
            "location": "southcentralus",
            "managed_by": "",
            "name": "PGR-Nasuni-pd-scus-rg",
            "tags": {
              "critical-infrastructure": "yes",
              "environment": "pd",
              "external-facing": "No",
              "owner": "Jean Crush, Dustin Nguyen",
              "project-name": "Nasuni",
              "regulatory-data": "Yes",
              "service": "Nasuni"
            },
            "timeouts": null
          },
          "sensitive_attributes": [],
          "identity_schema_version": 0
        }
      ]
    },
    {
      "module": "module.nasuni_appliances_pgr[\"PGRSCUTNUNIVP01\"].module.azure_nasuni",
      "mode": "data",
      "type": "azurerm_subnet",
      "name": "existing",
      "provider": "provider[\"registry.terraform.io/hashicorp/azurerm\"].sub1",
      "instances": [
        {
          "index_key": 0,
          "schema_version": 0,
          "attributes": {
            "address_prefix": "10.239.10.0/29",
            "address_prefixes": [
              "10.239.10.0/29"
            ],
            "default_outbound_access_enabled": true,
            "enforce_private_link_endpoint_network_policies": true,
            "enforce_private_link_service_network_policies": false,
            "id": "/subscriptions/c7a18a12-7088-4955-8504-5156e8f48fdd/resourceGroups/PGR-Nasuni-Network-pd-scus-rg/providers/Microsoft.Network/virtualNetworks/PGR-Nasuni-Network-pd-scus-vnet/subnets/PGR-Nasuni-Network-pd-scus-vnet-virtualmachine-subnet",
            "name": "PGR-Nasuni-Network-pd-scus-vnet-virtualmachine-subnet",
            "network_security_group_id": "/subscriptions/c7a18a12-7088-4955-8504-5156e8f48fdd/resourceGroups/PGR-Nasuni-Network-pd-scus-rg/providers/Microsoft.Network/networkSecurityGroups/PGR-Nasuni-Network-pd-scus-vnet-virtualmachine-subnet-nsg",
            "private_endpoint_network_policies": "Disabled",
            "private_endpoint_network_policies_enabled": false,
            "private_link_service_network_policies_enabled": true,
            "resource_group_name": "PGR-Nasuni-Network-pd-scus-rg",
            "route_table_id": "",
            "service_endpoints": [],
            "timeouts": null,
            "virtual_network_name": "PGR-Nasuni-Network-pd-scus-vnet"
          },
          "sensitive_attributes": [],
          "identity_schema_version": 0
        }
      ]
    },
    {
      "module": "module.nasuni_appliances_pgr[\"PGRSCUTNUNIVP01\"].module.azure_nasuni",
      "mode": "managed",
      "type": "azurerm_linux_virtual_machine",
      "name": "nasuni",
      "provider": "provider[\"registry.terraform.io/hashicorp/azurerm\"].sub1",
      "instances": [
        {
          "schema_version": 0,
          "attributes": {
            "additional_capabilities": [],
            "admin_password": "!!!HPVmw@r3!!!",
            "admin_ssh_key": [],
            "admin_username": "qadmin",
            "allow_extension_operations": true,
            "availability_set_id": "",
            "boot_diagnostics": [],
            "bypass_platform_safety_checks_on_user_schedule_enabled": false,
            "capacity_reservation_group_id": "",
            "computer_name": "PGRSCUTNUNIVP01",
            "custom_data": null,
            "dedicated_host_group_id": "",
            "dedicated_host_id": "",
            "disable_password_authentication": false,
            "disk_controller_type": "SCSI",
            "edge_zone": "",
            "encryption_at_host_enabled": false,
            "eviction_policy": "",
            "extensions_time_budget": "PT1H30M",
            "gallery_application": [],
            "id": "/subscriptions/c7a18a12-7088-4955-8504-5156e8f48fdd/resourceGroups/PGR-Nasuni-pd-scus-rg/providers/Microsoft.Compute/virtualMachines/PGRSCUTNUNIVP01",
            "identity": [],
            "license_type": "",
            "location": "southcentralus",
            "max_bid_price": -1,
            "name": "PGRSCUTNUNIVP01",
            "network_interface_ids": [
              "/subscriptions/c7a18a12-7088-4955-8504-5156e8f48fdd/resourceGroups/PGR-Nasuni-pd-scus-rg/providers/Microsoft.Network/networkInterfaces/PGRSCUTNUNIVP01-PD-nic"
            ],
            "os_disk": [
              {
                "caching": "ReadWrite",
                "diff_disk_settings": [],
                "disk_encryption_set_id": "",
                "disk_size_gb": 32,
                "name": "PGRSCUTNUNIVP01_OsDisk_1_ca96cc33cbad4851b673de97c82d835d",
                "secure_vm_disk_encryption_set_id": "",
                "security_encryption_type": "",
                "storage_account_type": "Premium_LRS",
                "write_accelerator_enabled": false
              }
            ],
            "os_image_notification": [],
            "patch_assessment_mode": "ImageDefault",
            "patch_mode": "ImageDefault",
            "plan": [
              {
                "name": "nasuni-nea-9153-prod",
                "product": "nasuni-nea-90-prod",
                "publisher": "nasunicorporation"
              }
            ],
            "platform_fault_domain": -1,
            "priority": "Regular",
            "private_ip_address": "10.239.10.4",
            "private_ip_addresses": [
              "10.239.10.4"
            ],
            "provision_vm_agent": true,
            "proximity_placement_group_id": "",
            "public_ip_address": "",
            "public_ip_addresses": [],
            "reboot_setting": "",
            "resource_group_name": "PGR-Nasuni-pd-scus-rg",
            "secret": [],
            "secure_boot_enabled": false,
            "size": "Standard_D8ads_v5",
            "source_image_id": "",
            "source_image_reference": [
              {
                "offer": "nasuni-nea-90-prod",
                "publisher": "nasunicorporation",
                "sku": "nasuni-nea-9153-prod",
                "version": "latest"
              }
            ],
            "tags": {
              "Service": "Nasuni",
              "critical-infrastructure": "Yes",
              "environment": "PD",
              "external-facing": "No",
              "owner": "cwilliford@quantaservices.com",
              "project-name": "Nasuni",
              "regulatory-data": "Yes"
            },
            "termination_notification": [],
            "timeouts": null,
            "user_data": "",
            "virtual_machine_id": "f41c1a83-3063-43ce-9ef2-e6b22e0541b3",
            "virtual_machine_scale_set_id": "",
            "vm_agent_platform_updates_enabled": false,
            "vtpm_enabled": false,
            "zone": ""
          },
          "sensitive_attributes": [
            [
              {
                "type": "get_attr",
                "value": "admin_password"
              }
            ],
            [
              {
                "type": "get_attr",
                "value": "custom_data"
              }
            ]
          ],
          "identity_schema_version": 0,
          "private": "eyJlMmJmYjczMC1lY2FhLTExZTYtOGY4OC0zNDM2M2JjN2M0YzAiOnsiY3JlYXRlIjoyNzAwMDAwMDAwMDAwLCJkZWxldGUiOjI3MDAwMDAwMDAwMDAsInJlYWQiOjMwMDAwMDAwMDAwMCwidXBkYXRlIjoyNzAwMDAwMDAwMDAwfX0=",
          "dependencies": [
            "module.nasuni_appliances_pgr.module.azure_nasuni.azurerm_network_interface.nasuni",
            "module.nasuni_appliances_pgr.module.azure_nasuni.azurerm_subnet.nasuni",
            "module.nasuni_appliances_pgr.module.azure_nasuni.azurerm_virtual_network.nasuni",
            "module.nasuni_appliances_pgr.module.azure_nasuni.data.azurerm_resource_group.nasuni",
            "module.nasuni_appliances_pgr.module.azure_nasuni.data.azurerm_subnet.existing",
            "null_resource.accept_marketplace_terms"
          ]
        }
      ]
    },
    {
      "module": "module.nasuni_appliances_pgr[\"PGRSCUTNUNIVP01\"].module.azure_nasuni",
      "mode": "managed",
      "type": "azurerm_managed_disk",
      "name": "cache",
      "provider": "provider[\"registry.terraform.io/hashicorp/azurerm\"].sub1",
      "instances": [
        {
          "schema_version": 1,
          "attributes": {
            "create_option": "Empty",
            "disk_access_id": "",
            "disk_encryption_set_id": "",
            "disk_iops_read_only": 0,
            "disk_iops_read_write": 5000,
            "disk_mbps_read_only": 0,
            "disk_mbps_read_write": 200,
            "disk_size_gb": 1024,
            "edge_zone": "",
            "encryption_settings": [],
            "gallery_image_reference_id": "",
            "hyper_v_generation": "",
            "id": "/subscriptions/c7a18a12-7088-4955-8504-5156e8f48fdd/resourceGroups/PGR-Nasuni-pd-scus-rg/providers/Microsoft.Compute/disks/PGRSCUTNUNIVP01-PD-cache-disk",
            "image_reference_id": "",
            "location": "southcentralus",
            "logical_sector_size": null,
            "max_shares": 0,
            "name": "PGRSCUTNUNIVP01-PD-cache-disk",
            "network_access_policy": null,
            "on_demand_bursting_enabled": false,
            "optimized_frequent_attach_enabled": false,
            "os_type": "",
            "performance_plus_enabled": false,
            "public_network_access_enabled": true,
            "resource_group_name": "PGR-Nasuni-pd-scus-rg",
            "secure_vm_disk_encryption_set_id": "",
            "security_type": "",
            "source_resource_id": "",
            "source_uri": "",
            "storage_account_id": "",
            "storage_account_type": "Premium_LRS",
            "tags": {
              "Service": "Nasuni",
              "critical-infrastructure": "Yes",
              "environment": "PD",
              "external-facing": "No",
              "owner": "cwilliford@quantaservices.com",
              "project-name": "Nasuni",
              "regulatory-data": "Yes"
            },
            "tier": "P30",
            "timeouts": null,
            "trusted_launch_enabled": false,
            "upload_size_bytes": 0,
            "zone": ""
          },
          "sensitive_attributes": [],
          "identity_schema_version": 0,
          "private": "eyJlMmJmYjczMC1lY2FhLTExZTYtOGY4OC0zNDM2M2JjN2M0YzAiOnsiY3JlYXRlIjoxODAwMDAwMDAwMDAwLCJkZWxldGUiOjE4MDAwMDAwMDAwMDAsInJlYWQiOjMwMDAwMDAwMDAwMCwidXBkYXRlIjoxODAwMDAwMDAwMDAwfSwic2NoZW1hX3ZlcnNpb24iOiIxIn0=",
          "dependencies": [
            "module.nasuni_appliances_pgr.module.azure_nasuni.data.azurerm_resource_group.nasuni",
            "null_resource.accept_marketplace_terms"
          ]
        }
      ]
    },
    {
      "module": "module.nasuni_appliances_pgr[\"PGRSCUTNUNIVP01\"].module.azure_nasuni",
      "mode": "managed",
      "type": "azurerm_network_interface",
      "name": "nasuni",
      "provider": "provider[\"registry.terraform.io/hashicorp/azurerm\"].sub1",
      "instances": [
        {
          "schema_version": 0,
          "attributes": {
            "accelerated_networking_enabled": false,
            "applied_dns_servers": [],
            "auxiliary_mode": "",
            "auxiliary_sku": "",
            "dns_servers": [],
            "edge_zone": "",
            "enable_accelerated_networking": false,
            "enable_ip_forwarding": false,
            "id": "/subscriptions/c7a18a12-7088-4955-8504-5156e8f48fdd/resourceGroups/PGR-Nasuni-pd-scus-rg/providers/Microsoft.Network/networkInterfaces/PGRSCUTNUNIVP01-PD-nic",
            "internal_dns_name_label": "",
            "internal_domain_name_suffix": "ig02ilufiqaunddw3xe43z4nhg.jx.internal.cloudapp.net",
            "ip_configuration": [
              {
                "gateway_load_balancer_frontend_ip_configuration_id": "",
                "name": "internal",
                "primary": true,
                "private_ip_address": "10.239.10.4",
                "private_ip_address_allocation": "Dynamic",
                "private_ip_address_version": "IPv4",
                "public_ip_address_id": "",
                "subnet_id": "/subscriptions/c7a18a12-7088-4955-8504-5156e8f48fdd/resourceGroups/PGR-Nasuni-Network-pd-scus-rg/providers/Microsoft.Network/virtualNetworks/PGR-Nasuni-Network-pd-scus-vnet/subnets/PGR-Nasuni-Network-pd-scus-vnet-virtualmachine-subnet"
              }
            ],
            "ip_forwarding_enabled": false,
            "location": "southcentralus",
            "mac_address": "7C-1E-52-10-84-03",
            "name": "PGRSCUTNUNIVP01-PD-nic",
            "private_ip_address": "10.239.10.4",
            "private_ip_addresses": [
              "10.239.10.4"
            ],
            "resource_group_name": "PGR-Nasuni-pd-scus-rg",
            "tags": {
              "Service": "Nasuni",
              "critical-infrastructure": "Yes",
              "environment": "PD",
              "external-facing": "No",
              "owner": "cwilliford@quantaservices.com",
              "project-name": "Nasuni",
              "regulatory-data": "Yes"
            },
            "timeouts": null,
            "virtual_machine_id": "/subscriptions/c7a18a12-7088-4955-8504-5156e8f48fdd/resourceGroups/PGR-Nasuni-pd-scus-rg/providers/Microsoft.Compute/virtualMachines/PGRSCUTNUNIVP01"
          },
          "sensitive_attributes": [],
          "identity_schema_version": 0,
          "private": "eyJlMmJmYjczMC1lY2FhLTExZTYtOGY4OC0zNDM2M2JjN2M0YzAiOnsiY3JlYXRlIjoxODAwMDAwMDAwMDAwLCJkZWxldGUiOjE4MDAwMDAwMDAwMDAsInJlYWQiOjMwMDAwMDAwMDAwMCwidXBkYXRlIjoxODAwMDAwMDAwMDAwfX0=",
          "dependencies": [
            "module.nasuni_appliances_pgr.module.azure_nasuni.azurerm_subnet.nasuni",
            "module.nasuni_appliances_pgr.module.azure_nasuni.azurerm_virtual_network.nasuni",
            "module.nasuni_appliances_pgr.module.azure_nasuni.data.azurerm_resource_group.nasuni",
            "module.nasuni_appliances_pgr.module.azure_nasuni.data.azurerm_subnet.existing",
            "null_resource.accept_marketplace_terms"
          ]
        }
      ]
    },
    {
      "module": "module.nasuni_appliances_pgr[\"PGRSCUTNUNIVP01\"].module.azure_nasuni",
      "mode": "managed",
      "type": "azurerm_network_interface_security_group_association",
      "name": "nasuni",
      "provider": "provider[\"registry.terraform.io/hashicorp/azurerm\"].sub1",
      "instances": [
        {
          "schema_version": 0,
          "attributes": {
            "id": "/subscriptions/c7a18a12-7088-4955-8504-5156e8f48fdd/resourceGroups/PGR-Nasuni-pd-scus-rg/providers/Microsoft.Network/networkInterfaces/PGRSCUTNUNIVP01-PD-nic|/subscriptions/c7a18a12-7088-4955-8504-5156e8f48fdd/resourceGroups/PGR-Nasuni-pd-scus-rg/providers/Microsoft.Network/networkSecurityGroups/PGRSCUTNUNIVP01-PD-nsg",
            "network_interface_id": "/subscriptions/c7a18a12-7088-4955-8504-5156e8f48fdd/resourceGroups/PGR-Nasuni-pd-scus-rg/providers/Microsoft.Network/networkInterfaces/PGRSCUTNUNIVP01-PD-nic",
            "network_security_group_id": "/subscriptions/c7a18a12-7088-4955-8504-5156e8f48fdd/resourceGroups/PGR-Nasuni-pd-scus-rg/providers/Microsoft.Network/networkSecurityGroups/PGRSCUTNUNIVP01-PD-nsg",
            "timeouts": null
          },
          "sensitive_attributes": [],
          "identity_schema_version": 0,
          "private": "eyJlMmJmYjczMC1lY2FhLTExZTYtOGY4OC0zNDM2M2JjN2M0YzAiOnsiY3JlYXRlIjoxODAwMDAwMDAwMDAwLCJkZWxldGUiOjE4MDAwMDAwMDAwMDAsInJlYWQiOjMwMDAwMDAwMDAwMH19",
          "dependencies": [
            "module.nasuni_appliances_pgr.module.azure_nasuni.azurerm_network_interface.nasuni",
            "module.nasuni_appliances_pgr.module.azure_nasuni.azurerm_network_security_group.nasuni",
            "module.nasuni_appliances_pgr.module.azure_nasuni.azurerm_subnet.nasuni",
            "module.nasuni_appliances_pgr.module.azure_nasuni.azurerm_virtual_network.nasuni",
            "module.nasuni_appliances_pgr.module.azure_nasuni.data.azurerm_resource_group.nasuni",
            "module.nasuni_appliances_pgr.module.azure_nasuni.data.azurerm_subnet.existing",
            "null_resource.accept_marketplace_terms"
          ]
        }
      ]
    },
    {
      "module": "module.nasuni_appliances_pgr[\"PGRSCUTNUNIVP01\"].module.azure_nasuni",
      "mode": "managed",
      "type": "azurerm_network_security_group",
      "name": "nasuni",
      "provider": "provider[\"registry.terraform.io/hashicorp/azurerm\"].sub1",
      "instances": [
        {
          "schema_version": 0,
          "attributes": {
            "id": "/subscriptions/c7a18a12-7088-4955-8504-5156e8f48fdd/resourceGroups/PGR-Nasuni-pd-scus-rg/providers/Microsoft.Network/networkSecurityGroups/PGRSCUTNUNIVP01-PD-nsg",
            "location": "southcentralus",
            "name": "PGRSCUTNUNIVP01-PD-nsg",
            "resource_group_name": "PGR-Nasuni-pd-scus-rg",
            "security_rule": [
              {
                "access": "Allow",
                "description": "",
                "destination_address_prefix": "*",
                "destination_address_prefixes": [],
                "destination_application_security_group_ids": [],
                "destination_port_range": "2049",
                "destination_port_ranges": [],
                "direction": "Inbound",
                "name": "NFS",
                "priority": 1005,
                "protocol": "Tcp",
                "source_address_prefix": "*",
                "source_address_prefixes": [],
                "source_application_security_group_ids": [],
                "source_port_range": "*",
                "source_port_ranges": []
              },
              {
                "access": "Allow",
                "description": "",
                "destination_address_prefix": "*",
                "destination_address_prefixes": [],
                "destination_application_security_group_ids": [],
                "destination_port_range": "443",
                "destination_port_ranges": [],
                "direction": "Inbound",
                "name": "HTTPS",
                "priority": 1002,
                "protocol": "Tcp",
                "source_address_prefix": "*",
                "source_address_prefixes": [],
                "source_application_security_group_ids": [],
                "source_port_range": "*",
                "source_port_ranges": []
              },
              {
                "access": "Allow",
                "description": "",
                "destination_address_prefix": "*",
                "destination_address_prefixes": [],
                "destination_application_security_group_ids": [],
                "destination_port_range": "445",
                "destination_port_ranges": [],
                "direction": "Inbound",
                "name": "SMB",
                "priority": 1004,
                "protocol": "Tcp",
                "source_address_prefix": "*",
                "source_address_prefixes": [],
                "source_application_security_group_ids": [],
                "source_port_range": "*",
                "source_port_ranges": []
              },
              {
                "access": "Allow",
                "description": "",
                "destination_address_prefix": "*",
                "destination_address_prefixes": [],
                "destination_application_security_group_ids": [],
                "destination_port_range": "8443",
                "destination_port_ranges": [],
                "direction": "Inbound",
                "name": "NasuniConsole",
                "priority": 1003,
                "protocol": "Tcp",
                "source_address_prefix": "*",
                "source_address_prefixes": [],
                "source_application_security_group_ids": [],
                "source_port_range": "*",
                "source_port_ranges": []
              }
            ],
            "tags": {
              "Service": "Nasuni",
              "critical-infrastructure": "Yes",
              "environment": "PD",
              "external-facing": "No",
              "owner": "cwilliford@quantaservices.com",
              "project-name": "Nasuni",
              "regulatory-data": "Yes"
            },
            "timeouts": null
          },
          "sensitive_attributes": [],
          "identity_schema_version": 0,
          "private": "eyJlMmJmYjczMC1lY2FhLTExZTYtOGY4OC0zNDM2M2JjN2M0YzAiOnsiY3JlYXRlIjoxODAwMDAwMDAwMDAwLCJkZWxldGUiOjE4MDAwMDAwMDAwMDAsInJlYWQiOjMwMDAwMDAwMDAwMCwidXBkYXRlIjoxODAwMDAwMDAwMDAwfX0=",
          "dependencies": [
            "module.nasuni_appliances_pgr.module.azure_nasuni.data.azurerm_resource_group.nasuni",
            "null_resource.accept_marketplace_terms"
          ]
        }
      ]
    },
    {
      "module": "module.nasuni_appliances_pgr[\"PGRSCUTNUNIVP01\"].module.azure_nasuni",
      "mode": "managed",
      "type": "azurerm_network_security_rule",
      "name": "nasuni",
      "provider": "provider[\"registry.terraform.io/hashicorp/azurerm\"].sub1",
      "instances": [
        {
          "index_key": 0,
          "schema_version": 0,
          "attributes": {
            "access": "Allow",
            "description": "",
            "destination_address_prefix": "*",
            "destination_address_prefixes": [],
            "destination_application_security_group_ids": [],
            "destination_port_range": "443",
            "destination_port_ranges": [],
            "direction": "Inbound",
            "id": "/subscriptions/c7a18a12-7088-4955-8504-5156e8f48fdd/resourceGroups/PGR-Nasuni-pd-scus-rg/providers/Microsoft.Network/networkSecurityGroups/PGRSCUTNUNIVP01-PD-nsg/securityRules/HTTPS",
            "name": "HTTPS",
            "network_security_group_name": "PGRSCUTNUNIVP01-PD-nsg",
            "priority": 1002,
            "protocol": "Tcp",
            "resource_group_name": "PGR-Nasuni-pd-scus-rg",
            "source_address_prefix": "*",
            "source_address_prefixes": [],
            "source_application_security_group_ids": [],
            "source_port_range": "*",
            "source_port_ranges": [],
            "timeouts": null
          },
          "sensitive_attributes": [],
          "identity_schema_version": 0,
          "private": "eyJlMmJmYjczMC1lY2FhLTExZTYtOGY4OC0zNDM2M2JjN2M0YzAiOnsiY3JlYXRlIjoxODAwMDAwMDAwMDAwLCJkZWxldGUiOjE4MDAwMDAwMDAwMDAsInJlYWQiOjMwMDAwMDAwMDAwMCwidXBkYXRlIjoxODAwMDAwMDAwMDAwfX0=",
          "dependencies": [
            "module.nasuni_appliances_pgr.module.azure_nasuni.azurerm_network_security_group.nasuni",
            "module.nasuni_appliances_pgr.module.azure_nasuni.data.azurerm_resource_group.nasuni",
            "null_resource.accept_marketplace_terms"
          ]
        },
        {
          "index_key": 1,
          "schema_version": 0,
          "attributes": {
            "access": "Allow",
            "description": "",
            "destination_address_prefix": "*",
            "destination_address_prefixes": [],
            "destination_application_security_group_ids": [],
            "destination_port_range": "8443",
            "destination_port_ranges": [],
            "direction": "Inbound",
            "id": "/subscriptions/c7a18a12-7088-4955-8504-5156e8f48fdd/resourceGroups/PGR-Nasuni-pd-scus-rg/providers/Microsoft.Network/networkSecurityGroups/PGRSCUTNUNIVP01-PD-nsg/securityRules/NasuniConsole",
            "name": "NasuniConsole",
            "network_security_group_name": "PGRSCUTNUNIVP01-PD-nsg",
            "priority": 1003,
            "protocol": "Tcp",
            "resource_group_name": "PGR-Nasuni-pd-scus-rg",
            "source_address_prefix": "*",
            "source_address_prefixes": [],
            "source_application_security_group_ids": [],
            "source_port_range": "*",
            "source_port_ranges": [],
            "timeouts": null
          },
          "sensitive_attributes": [],
          "identity_schema_version": 0,
          "private": "eyJlMmJmYjczMC1lY2FhLTExZTYtOGY4OC0zNDM2M2JjN2M0YzAiOnsiY3JlYXRlIjoxODAwMDAwMDAwMDAwLCJkZWxldGUiOjE4MDAwMDAwMDAwMDAsInJlYWQiOjMwMDAwMDAwMDAwMCwidXBkYXRlIjoxODAwMDAwMDAwMDAwfX0=",
          "dependencies": [
            "module.nasuni_appliances_pgr.module.azure_nasuni.azurerm_network_security_group.nasuni",
            "module.nasuni_appliances_pgr.module.azure_nasuni.data.azurerm_resource_group.nasuni",
            "null_resource.accept_marketplace_terms"
          ]
        },
        {
          "index_key": 2,
          "schema_version": 0,
          "attributes": {
            "access": "Allow",
            "description": "",
            "destination_address_prefix": "*",
            "destination_address_prefixes": [],
            "destination_application_security_group_ids": [],
            "destination_port_range": "445",
            "destination_port_ranges": [],
            "direction": "Inbound",
            "id": "/subscriptions/c7a18a12-7088-4955-8504-5156e8f48fdd/resourceGroups/PGR-Nasuni-pd-scus-rg/providers/Microsoft.Network/networkSecurityGroups/PGRSCUTNUNIVP01-PD-nsg/securityRules/SMB",
            "name": "SMB",
            "network_security_group_name": "PGRSCUTNUNIVP01-PD-nsg",
            "priority": 1004,
            "protocol": "Tcp",
            "resource_group_name": "PGR-Nasuni-pd-scus-rg",
            "source_address_prefix": "*",
            "source_address_prefixes": [],
            "source_application_security_group_ids": [],
            "source_port_range": "*",
            "source_port_ranges": [],
            "timeouts": null
          },
          "sensitive_attributes": [],
          "identity_schema_version": 0,
          "private": "eyJlMmJmYjczMC1lY2FhLTExZTYtOGY4OC0zNDM2M2JjN2M0YzAiOnsiY3JlYXRlIjoxODAwMDAwMDAwMDAwLCJkZWxldGUiOjE4MDAwMDAwMDAwMDAsInJlYWQiOjMwMDAwMDAwMDAwMCwidXBkYXRlIjoxODAwMDAwMDAwMDAwfX0=",
          "dependencies": [
            "module.nasuni_appliances_pgr.module.azure_nasuni.azurerm_network_security_group.nasuni",
            "module.nasuni_appliances_pgr.module.azure_nasuni.data.azurerm_resource_group.nasuni",
            "null_resource.accept_marketplace_terms"
          ]
        },
        {
          "index_key": 3,
          "schema_version": 0,
          "attributes": {
            "access": "Allow",
            "description": "",
            "destination_address_prefix": "*",
            "destination_address_prefixes": [],
            "destination_application_security_group_ids": [],
            "destination_port_range": "2049",
            "destination_port_ranges": [],
            "direction": "Inbound",
            "id": "/subscriptions/c7a18a12-7088-4955-8504-5156e8f48fdd/resourceGroups/PGR-Nasuni-pd-scus-rg/providers/Microsoft.Network/networkSecurityGroups/PGRSCUTNUNIVP01-PD-nsg/securityRules/NFS",
            "name": "NFS",
            "network_security_group_name": "PGRSCUTNUNIVP01-PD-nsg",
            "priority": 1005,
            "protocol": "Tcp",
            "resource_group_name": "PGR-Nasuni-pd-scus-rg",
            "source_address_prefix": "*",
            "source_address_prefixes": [],
            "source_application_security_group_ids": [],
            "source_port_range": "*",
            "source_port_ranges": [],
            "timeouts": null
          },
          "sensitive_attributes": [],
          "identity_schema_version": 0,
          "private": "eyJlMmJmYjczMC1lY2FhLTExZTYtOGY4OC0zNDM2M2JjN2M0YzAiOnsiY3JlYXRlIjoxODAwMDAwMDAwMDAwLCJkZWxldGUiOjE4MDAwMDAwMDAwMDAsInJlYWQiOjMwMDAwMDAwMDAwMCwidXBkYXRlIjoxODAwMDAwMDAwMDAwfX0=",
          "dependencies": [
            "module.nasuni_appliances_pgr.module.azure_nasuni.azurerm_network_security_group.nasuni",
            "module.nasuni_appliances_pgr.module.azure_nasuni.data.azurerm_resource_group.nasuni",
            "null_resource.accept_marketplace_terms"
          ]
        }
      ]
    },
    {
      "module": "module.nasuni_appliances_pgr[\"PGRSCUTNUNIVP01\"].module.azure_nasuni",
      "mode": "managed",
      "type": "azurerm_subnet",
      "name": "nasuni",
      "provider": "provider[\"registry.terraform.io/hashicorp/azurerm\"].sub1",
      "instances": []
    },
    {
      "module": "module.nasuni_appliances_pgr[\"PGRSCUTNUNIVP01\"].module.azure_nasuni",
      "mode": "managed",
      "type": "azurerm_virtual_machine_data_disk_attachment",
      "name": "cache",
      "provider": "provider[\"registry.terraform.io/hashicorp/azurerm\"].sub1",
      "instances": [
        {
          "schema_version": 0,
          "attributes": {
            "caching": "ReadWrite",
            "create_option": "Attach",
            "id": "/subscriptions/c7a18a12-7088-4955-8504-5156e8f48fdd/resourceGroups/PGR-Nasuni-pd-scus-rg/providers/Microsoft.Compute/virtualMachines/PGRSCUTNUNIVP01/dataDisks/PGRSCUTNUNIVP01-PD-cache-disk",
            "lun": 0,
            "managed_disk_id": "/subscriptions/c7a18a12-7088-4955-8504-5156e8f48fdd/resourceGroups/PGR-Nasuni-pd-scus-rg/providers/Microsoft.Compute/disks/PGRSCUTNUNIVP01-PD-cache-disk",
            "timeouts": null,
            "virtual_machine_id": "/subscriptions/c7a18a12-7088-4955-8504-5156e8f48fdd/resourceGroups/PGR-Nasuni-pd-scus-rg/providers/Microsoft.Compute/virtualMachines/PGRSCUTNUNIVP01",
            "write_accelerator_enabled": false
          },
          "sensitive_attributes": [],
          "identity_schema_version": 0,
          "private": "eyJlMmJmYjczMC1lY2FhLTExZTYtOGY4OC0zNDM2M2JjN2M0YzAiOnsiY3JlYXRlIjoxODAwMDAwMDAwMDAwLCJkZWxldGUiOjE4MDAwMDAwMDAwMDAsInJlYWQiOjMwMDAwMDAwMDAwMCwidXBkYXRlIjoxODAwMDAwMDAwMDAwfX0=",
          "dependencies": [
            "module.nasuni_appliances_pgr.module.azure_nasuni.azurerm_linux_virtual_machine.nasuni",
            "module.nasuni_appliances_pgr.module.azure_nasuni.azurerm_managed_disk.cache",
            "module.nasuni_appliances_pgr.module.azure_nasuni.azurerm_network_interface.nasuni",
            "module.nasuni_appliances_pgr.module.azure_nasuni.azurerm_subnet.nasuni",
            "module.nasuni_appliances_pgr.module.azure_nasuni.azurerm_virtual_network.nasuni",
            "module.nasuni_appliances_pgr.module.azure_nasuni.data.azurerm_resource_group.nasuni",
            "module.nasuni_appliances_pgr.module.azure_nasuni.data.azurerm_subnet.existing",
            "null_resource.accept_marketplace_terms"
          ]
        }
      ]
    },
    {
      "module": "module.nasuni_appliances_pgr[\"PGRSCUTNUNIVP01\"].module.azure_nasuni",
      "mode": "managed",
      "type": "azurerm_virtual_network",
      "name": "nasuni",
      "provider": "provider[\"registry.terraform.io/hashicorp/azurerm\"].sub1",
      "instances": []
    },
    {
      "module": "module.nasuni_appliances_pgr[\"PGRSCUTNUNIVP01\"].module.azure_nasuni",
      "mode": "managed",
      "type": "random_string",
      "name": "suffix",
      "provider": "provider[\"registry.terraform.io/hashicorp/random\"]",
      "instances": [
        {
          "schema_version": 2,
          "attributes": {
            "id": "438r7w",
            "keepers": null,
            "length": 6,
            "lower": true,
            "min_lower": 0,
            "min_numeric": 0,
            "min_special": 0,
            "min_upper": 0,
            "number": true,
            "numeric": true,
            "override_special": null,
            "result": "438r7w",
            "special": false,
            "upper": false
          },
          "sensitive_attributes": [],
          "identity_schema_version": 0,
          "dependencies": [
            "null_resource.accept_marketplace_terms"
          ]
        }
      ]
    },
    {
      "module": "module.nasuni_appliances_qis[\"QISSCUTNUNIVP01\"].module.azure_nasuni",
      "mode": "data",
      "type": "azurerm_resource_group",
      "name": "nasuni",
      "provider": "provider[\"registry.terraform.io/hashicorp/azurerm\"].sub2",
      "instances": [
        {
          "schema_version": 0,
          "attributes": {
            "id": "/subscriptions/6b025554-fc3d-49a6-a9a1-56d397909042/resourceGroups/QIS-Nasuni-pd-scus-rg",
            "location": "southcentralus",
            "managed_by": "",
            "name": "QIS-Nasuni-pd-scus-rg",
            "tags": {
              "critical-infrastructure": "yes",
              "environment": "pd",
              "external-facing": "No",
              "owner": "David Neuhaus / Nathan Buell",
              "project-name": "Nasuni",
              "regulatory-data": "Yes",
              "service": "Nasuni"
            },
            "timeouts": null
          },
          "sensitive_attributes": [],
          "identity_schema_version": 0
        }
      ]
    },
    {
      "module": "module.nasuni_appliances_qis[\"QISSCUTNUNIVP01\"].module.azure_nasuni",
      "mode": "data",
      "type": "azurerm_subnet",
      "name": "existing",
      "provider": "provider[\"registry.terraform.io/hashicorp/azurerm\"].sub2",
      "instances": [
        {
          "index_key": 0,
          "schema_version": 0,
          "attributes": {
            "address_prefix": "10.239.10.16/29",
            "address_prefixes": [
              "10.239.10.16/29"
            ],
            "default_outbound_access_enabled": true,
            "enforce_private_link_endpoint_network_policies": true,
            "enforce_private_link_service_network_policies": false,
            "id": "/subscriptions/6b025554-fc3d-49a6-a9a1-56d397909042/resourceGroups/QIS-Nasuni-Network-pd-scus-rg/providers/Microsoft.Network/virtualNetworks/QIS-Nasuni-Network-pd-scus-vnet/subnets/QIS-Nasuni-Network-pd-scus-vnet-virtualmachine-subnet",
            "name": "QIS-Nasuni-Network-pd-scus-vnet-virtualmachine-subnet",
            "network_security_group_id": "/subscriptions/6b025554-fc3d-49a6-a9a1-56d397909042/resourceGroups/QIS-Nasuni-Network-pd-scus-rg/providers/Microsoft.Network/networkSecurityGroups/QIS-Nasuni-Network-pd-scus-vnet-virtualmachine-subnet-nsg",
            "private_endpoint_network_policies": "Disabled",
            "private_endpoint_network_policies_enabled": false,
            "private_link_service_network_policies_enabled": true,
            "resource_group_name": "QIS-Nasuni-Network-pd-scus-rg",
            "route_table_id": "",
            "service_endpoints": [],
            "timeouts": null,
            "virtual_network_name": "QIS-Nasuni-Network-pd-scus-vnet"
          },
          "sensitive_attributes": [],
          "identity_schema_version": 0
        }
      ]
    },
    {
      "module": "module.nasuni_appliances_qis[\"QISSCUTNUNIVP01\"].module.azure_nasuni",
      "mode": "managed",
      "type": "azurerm_linux_virtual_machine",
      "name": "nasuni",
      "provider": "provider[\"registry.terraform.io/hashicorp/azurerm\"].sub2",
      "instances": [
        {
          "schema_version": 0,
          "attributes": {
            "additional_capabilities": [],
            "admin_password": "!!!HPVmw@r3!!!",
            "admin_ssh_key": [],
            "admin_username": "qadmin",
            "allow_extension_operations": true,
            "availability_set_id": "",
            "boot_diagnostics": [],
            "bypass_platform_safety_checks_on_user_schedule_enabled": false,
            "capacity_reservation_group_id": "",
            "computer_name": "QISSCUTNUNIVP01",
            "custom_data": null,
            "dedicated_host_group_id": "",
            "dedicated_host_id": "",
            "disable_password_authentication": false,
            "disk_controller_type": "SCSI",
            "edge_zone": "",
            "encryption_at_host_enabled": false,
            "eviction_policy": "",
            "extensions_time_budget": "PT1H30M",
            "gallery_application": [],
            "id": "/subscriptions/6b025554-fc3d-49a6-a9a1-56d397909042/resourceGroups/QIS-Nasuni-pd-scus-rg/providers/Microsoft.Compute/virtualMachines/QISSCUTNUNIVP01",
            "identity": [],
            "license_type": "",
            "location": "southcentralus",
            "max_bid_price": -1,
            "name": "QISSCUTNUNIVP01",
            "network_interface_ids": [
              "/subscriptions/6b025554-fc3d-49a6-a9a1-56d397909042/resourceGroups/QIS-Nasuni-pd-scus-rg/providers/Microsoft.Network/networkInterfaces/QISSCUTNUNIVP01-PD-nic"
            ],
            "os_disk": [
              {
                "caching": "ReadWrite",
                "diff_disk_settings": [],
                "disk_encryption_set_id": "",
                "disk_size_gb": 32,
                "name": "QISSCUTNUNIVP01_OsDisk_1_6182059e17f64d4282cc5b139e9b96dd",
                "secure_vm_disk_encryption_set_id": "",
                "security_encryption_type": "",
                "storage_account_type": "Premium_LRS",
                "write_accelerator_enabled": false
              }
            ],
            "os_image_notification": [],
            "patch_assessment_mode": "ImageDefault",
            "patch_mode": "ImageDefault",
            "plan": [
              {
                "name": "nasuni-nea-9153-prod",
                "product": "nasuni-nea-90-prod",
                "publisher": "nasunicorporation"
              }
            ],
            "platform_fault_domain": -1,
            "priority": "Regular",
            "private_ip_address": "10.239.10.20",
            "private_ip_addresses": [
              "10.239.10.20"
            ],
            "provision_vm_agent": true,
            "proximity_placement_group_id": "",
            "public_ip_address": "",
            "public_ip_addresses": [],
            "reboot_setting": "",
            "resource_group_name": "QIS-Nasuni-pd-scus-rg",
            "secret": [],
            "secure_boot_enabled": false,
            "size": "Standard_D8ads_v5",
            "source_image_id": "",
            "source_image_reference": [
              {
                "offer": "nasuni-nea-90-prod",
                "publisher": "nasunicorporation",
                "sku": "nasuni-nea-9153-prod",
                "version": "latest"
              }
            ],
            "tags": {
              "Service": "Nasuni",
              "critical-infrastructure": "Yes",
              "environment": "PD",
              "external-facing": "No",
              "owner": "cwilliford@quantaservices.com",
              "project-name": "Nasuni",
              "regulatory-data": "Yes"
            },
            "termination_notification": [],
            "timeouts": null,
            "user_data": "",
            "virtual_machine_id": "84a9b560-9fc4-48ad-9a05-13982dd7c2c9",
            "virtual_machine_scale_set_id": "",
            "vm_agent_platform_updates_enabled": false,
            "vtpm_enabled": false,
            "zone": ""
          },
          "sensitive_attributes": [
            [
              {
                "type": "get_attr",
                "value": "admin_password"
              }
            ],
            [
              {
                "type": "get_attr",
                "value": "custom_data"
              }
            ]
          ],
          "identity_schema_version": 0,
          "private": "eyJlMmJmYjczMC1lY2FhLTExZTYtOGY4OC0zNDM2M2JjN2M0YzAiOnsiY3JlYXRlIjoyNzAwMDAwMDAwMDAwLCJkZWxldGUiOjI3MDAwMDAwMDAwMDAsInJlYWQiOjMwMDAwMDAwMDAwMCwidXBkYXRlIjoyNzAwMDAwMDAwMDAwfX0=",
          "dependencies": [
            "module.nasuni_appliances_qis.module.azure_nasuni.azurerm_network_interface.nasuni",
            "module.nasuni_appliances_qis.module.azure_nasuni.azurerm_subnet.nasuni",
            "module.nasuni_appliances_qis.module.azure_nasuni.azurerm_virtual_network.nasuni",
            "module.nasuni_appliances_qis.module.azure_nasuni.data.azurerm_resource_group.nasuni",
            "module.nasuni_appliances_qis.module.azure_nasuni.data.azurerm_subnet.existing",
            "null_resource.accept_marketplace_terms"
          ]
        }
      ]
    },
    {
      "module": "module.nasuni_appliances_qis[\"QISSCUTNUNIVP01\"].module.azure_nasuni",
      "mode": "managed",
      "type": "azurerm_managed_disk",
      "name": "cache",
      "provider": "provider[\"registry.terraform.io/hashicorp/azurerm\"].sub2",
      "instances": [
        {
          "schema_version": 1,
          "attributes": {
            "create_option": "Empty",
            "disk_access_id": "",
            "disk_encryption_set_id": "",
            "disk_iops_read_only": 0,
            "disk_iops_read_write": 5000,
            "disk_mbps_read_only": 0,
            "disk_mbps_read_write": 200,
            "disk_size_gb": 1024,
            "edge_zone": "",
            "encryption_settings": [],
            "gallery_image_reference_id": "",
            "hyper_v_generation": "",
            "id": "/subscriptions/6b025554-fc3d-49a6-a9a1-56d397909042/resourceGroups/QIS-Nasuni-pd-scus-rg/providers/Microsoft.Compute/disks/QISSCUTNUNIVP01-PD-cache-disk",
            "image_reference_id": "",
            "location": "southcentralus",
            "logical_sector_size": null,
            "max_shares": 0,
            "name": "QISSCUTNUNIVP01-PD-cache-disk",
            "network_access_policy": null,
            "on_demand_bursting_enabled": false,
            "optimized_frequent_attach_enabled": false,
            "os_type": "",
            "performance_plus_enabled": false,
            "public_network_access_enabled": true,
            "resource_group_name": "QIS-Nasuni-pd-scus-rg",
            "secure_vm_disk_encryption_set_id": "",
            "security_type": "",
            "source_resource_id": "",
            "source_uri": "",
            "storage_account_id": "",
            "storage_account_type": "Premium_LRS",
            "tags": {
              "Service": "Nasuni",
              "critical-infrastructure": "Yes",
              "environment": "PD",
              "external-facing": "No",
              "owner": "cwilliford@quantaservices.com",
              "project-name": "Nasuni",
              "regulatory-data": "Yes"
            },
            "tier": "P30",
            "timeouts": null,
            "trusted_launch_enabled": false,
            "upload_size_bytes": 0,
            "zone": ""
          },
          "sensitive_attributes": [],
          "identity_schema_version": 0,
          "private": "eyJlMmJmYjczMC1lY2FhLTExZTYtOGY4OC0zNDM2M2JjN2M0YzAiOnsiY3JlYXRlIjoxODAwMDAwMDAwMDAwLCJkZWxldGUiOjE4MDAwMDAwMDAwMDAsInJlYWQiOjMwMDAwMDAwMDAwMCwidXBkYXRlIjoxODAwMDAwMDAwMDAwfSwic2NoZW1hX3ZlcnNpb24iOiIxIn0=",
          "dependencies": [
            "module.nasuni_appliances_qis.module.azure_nasuni.data.azurerm_resource_group.nasuni",
            "null_resource.accept_marketplace_terms"
          ]
        }
      ]
    },
    {
      "module": "module.nasuni_appliances_qis[\"QISSCUTNUNIVP01\"].module.azure_nasuni",
      "mode": "managed",
      "type": "azurerm_network_interface",
      "name": "nasuni",
      "provider": "provider[\"registry.terraform.io/hashicorp/azurerm\"].sub2",
      "instances": [
        {
          "schema_version": 0,
          "attributes": {
            "accelerated_networking_enabled": false,
            "applied_dns_servers": [],
            "auxiliary_mode": "",
            "auxiliary_sku": "",
            "dns_servers": [],
            "edge_zone": "",
            "enable_accelerated_networking": false,
            "enable_ip_forwarding": false,
            "id": "/subscriptions/6b025554-fc3d-49a6-a9a1-56d397909042/resourceGroups/QIS-Nasuni-pd-scus-rg/providers/Microsoft.Network/networkInterfaces/QISSCUTNUNIVP01-PD-nic",
            "internal_dns_name_label": "",
            "internal_domain_name_suffix": "1hw0235plgpupimqwv1suo5rod.jx.internal.cloudapp.net",
            "ip_configuration": [
              {
                "gateway_load_balancer_frontend_ip_configuration_id": "",
                "name": "internal",
                "primary": true,
                "private_ip_address": "10.239.10.20",
                "private_ip_address_allocation": "Dynamic",
                "private_ip_address_version": "IPv4",
                "public_ip_address_id": "",
                "subnet_id": "/subscriptions/6b025554-fc3d-49a6-a9a1-56d397909042/resourceGroups/QIS-Nasuni-Network-pd-scus-rg/providers/Microsoft.Network/virtualNetworks/QIS-Nasuni-Network-pd-scus-vnet/subnets/QIS-Nasuni-Network-pd-scus-vnet-virtualmachine-subnet"
              }
            ],
            "ip_forwarding_enabled": false,
            "location": "southcentralus",
            "mac_address": "60-45-BD-F7-2E-9C",
            "name": "QISSCUTNUNIVP01-PD-nic",
            "private_ip_address": "10.239.10.20",
            "private_ip_addresses": [
              "10.239.10.20"
            ],
            "resource_group_name": "QIS-Nasuni-pd-scus-rg",
            "tags": {
              "Service": "Nasuni",
              "critical-infrastructure": "Yes",
              "environment": "PD",
              "external-facing": "No",
              "owner": "cwilliford@quantaservices.com",
              "project-name": "Nasuni",
              "regulatory-data": "Yes"
            },
            "timeouts": null,
            "virtual_machine_id": "/subscriptions/6b025554-fc3d-49a6-a9a1-56d397909042/resourceGroups/QIS-Nasuni-pd-scus-rg/providers/Microsoft.Compute/virtualMachines/QISSCUTNUNIVP01"
          },
          "sensitive_attributes": [],
          "identity_schema_version": 0,
          "private": "eyJlMmJmYjczMC1lY2FhLTExZTYtOGY4OC0zNDM2M2JjN2M0YzAiOnsiY3JlYXRlIjoxODAwMDAwMDAwMDAwLCJkZWxldGUiOjE4MDAwMDAwMDAwMDAsInJlYWQiOjMwMDAwMDAwMDAwMCwidXBkYXRlIjoxODAwMDAwMDAwMDAwfX0=",
          "dependencies": [
            "module.nasuni_appliances_qis.module.azure_nasuni.azurerm_subnet.nasuni",
            "module.nasuni_appliances_qis.module.azure_nasuni.azurerm_virtual_network.nasuni",
            "module.nasuni_appliances_qis.module.azure_nasuni.data.azurerm_resource_group.nasuni",
            "module.nasuni_appliances_qis.module.azure_nasuni.data.azurerm_subnet.existing",
            "null_resource.accept_marketplace_terms"
          ]
        }
      ]
    },
    {
      "module": "module.nasuni_appliances_qis[\"QISSCUTNUNIVP01\"].module.azure_nasuni",
      "mode": "managed",
      "type": "azurerm_network_interface_security_group_association",
      "name": "nasuni",
      "provider": "provider[\"registry.terraform.io/hashicorp/azurerm\"].sub2",
      "instances": [
        {
          "schema_version": 0,
          "attributes": {
            "id": "/subscriptions/6b025554-fc3d-49a6-a9a1-56d397909042/resourceGroups/QIS-Nasuni-pd-scus-rg/providers/Microsoft.Network/networkInterfaces/QISSCUTNUNIVP01-PD-nic|/subscriptions/6b025554-fc3d-49a6-a9a1-56d397909042/resourceGroups/QIS-Nasuni-pd-scus-rg/providers/Microsoft.Network/networkSecurityGroups/QISSCUTNUNIVP01-PD-nsg",
            "network_interface_id": "/subscriptions/6b025554-fc3d-49a6-a9a1-56d397909042/resourceGroups/QIS-Nasuni-pd-scus-rg/providers/Microsoft.Network/networkInterfaces/QISSCUTNUNIVP01-PD-nic",
            "network_security_group_id": "/subscriptions/6b025554-fc3d-49a6-a9a1-56d397909042/resourceGroups/QIS-Nasuni-pd-scus-rg/providers/Microsoft.Network/networkSecurityGroups/QISSCUTNUNIVP01-PD-nsg",
            "timeouts": null
          },
          "sensitive_attributes": [],
          "identity_schema_version": 0,
          "private": "eyJlMmJmYjczMC1lY2FhLTExZTYtOGY4OC0zNDM2M2JjN2M0YzAiOnsiY3JlYXRlIjoxODAwMDAwMDAwMDAwLCJkZWxldGUiOjE4MDAwMDAwMDAwMDAsInJlYWQiOjMwMDAwMDAwMDAwMH19",
          "dependencies": [
            "module.nasuni_appliances_qis.module.azure_nasuni.azurerm_network_interface.nasuni",
            "module.nasuni_appliances_qis.module.azure_nasuni.azurerm_network_security_group.nasuni",
            "module.nasuni_appliances_qis.module.azure_nasuni.azurerm_subnet.nasuni",
            "module.nasuni_appliances_qis.module.azure_nasuni.azurerm_virtual_network.nasuni",
            "module.nasuni_appliances_qis.module.azure_nasuni.data.azurerm_resource_group.nasuni",
            "module.nasuni_appliances_qis.module.azure_nasuni.data.azurerm_subnet.existing",
            "null_resource.accept_marketplace_terms"
          ]
        }
      ]
    },
    {
      "module": "module.nasuni_appliances_qis[\"QISSCUTNUNIVP01\"].module.azure_nasuni",
      "mode": "managed",
      "type": "azurerm_network_security_group",
      "name": "nasuni",
      "provider": "provider[\"registry.terraform.io/hashicorp/azurerm\"].sub2",
      "instances": [
        {
          "schema_version": 0,
          "attributes": {
            "id": "/subscriptions/6b025554-fc3d-49a6-a9a1-56d397909042/resourceGroups/QIS-Nasuni-pd-scus-rg/providers/Microsoft.Network/networkSecurityGroups/QISSCUTNUNIVP01-PD-nsg",
            "location": "southcentralus",
            "name": "QISSCUTNUNIVP01-PD-nsg",
            "resource_group_name": "QIS-Nasuni-pd-scus-rg",
            "security_rule": [
              {
                "access": "Allow",
                "description": "",
                "destination_address_prefix": "*",
                "destination_address_prefixes": [],
                "destination_application_security_group_ids": [],
                "destination_port_range": "2049",
                "destination_port_ranges": [],
                "direction": "Inbound",
                "name": "NFS",
                "priority": 1005,
                "protocol": "Tcp",
                "source_address_prefix": "*",
                "source_address_prefixes": [],
                "source_application_security_group_ids": [],
                "source_port_range": "*",
                "source_port_ranges": []
              },
              {
                "access": "Allow",
                "description": "",
                "destination_address_prefix": "*",
                "destination_address_prefixes": [],
                "destination_application_security_group_ids": [],
                "destination_port_range": "443",
                "destination_port_ranges": [],
                "direction": "Inbound",
                "name": "HTTPS",
                "priority": 1002,
                "protocol": "Tcp",
                "source_address_prefix": "*",
                "source_address_prefixes": [],
                "source_application_security_group_ids": [],
                "source_port_range": "*",
                "source_port_ranges": []
              },
              {
                "access": "Allow",
                "description": "",
                "destination_address_prefix": "*",
                "destination_address_prefixes": [],
                "destination_application_security_group_ids": [],
                "destination_port_range": "445",
                "destination_port_ranges": [],
                "direction": "Inbound",
                "name": "SMB",
                "priority": 1004,
                "protocol": "Tcp",
                "source_address_prefix": "*",
                "source_address_prefixes": [],
                "source_application_security_group_ids": [],
                "source_port_range": "*",
                "source_port_ranges": []
              },
              {
                "access": "Allow",
                "description": "",
                "destination_address_prefix": "*",
                "destination_address_prefixes": [],
                "destination_application_security_group_ids": [],
                "destination_port_range": "8443",
                "destination_port_ranges": [],
                "direction": "Inbound",
                "name": "NasuniConsole",
                "priority": 1003,
                "protocol": "Tcp",
                "source_address_prefix": "*",
                "source_address_prefixes": [],
                "source_application_security_group_ids": [],
                "source_port_range": "*",
                "source_port_ranges": []
              }
            ],
            "tags": {
              "Service": "Nasuni",
              "critical-infrastructure": "Yes",
              "environment": "PD",
              "external-facing": "No",
              "owner": "cwilliford@quantaservices.com",
              "project-name": "Nasuni",
              "regulatory-data": "Yes"
            },
            "timeouts": null
          },
          "sensitive_attributes": [],
          "identity_schema_version": 0,
          "private": "eyJlMmJmYjczMC1lY2FhLTExZTYtOGY4OC0zNDM2M2JjN2M0YzAiOnsiY3JlYXRlIjoxODAwMDAwMDAwMDAwLCJkZWxldGUiOjE4MDAwMDAwMDAwMDAsInJlYWQiOjMwMDAwMDAwMDAwMCwidXBkYXRlIjoxODAwMDAwMDAwMDAwfX0=",
          "dependencies": [
            "module.nasuni_appliances_qis.module.azure_nasuni.data.azurerm_resource_group.nasuni",
            "null_resource.accept_marketplace_terms"
          ]
        }
      ]
    },
    {
      "module": "module.nasuni_appliances_qis[\"QISSCUTNUNIVP01\"].module.azure_nasuni",
      "mode": "managed",
      "type": "azurerm_network_security_rule",
      "name": "nasuni",
      "provider": "provider[\"registry.terraform.io/hashicorp/azurerm\"].sub2",
      "instances": [
        {
          "index_key": 0,
          "schema_version": 0,
          "attributes": {
            "access": "Allow",
            "description": "",
            "destination_address_prefix": "*",
            "destination_address_prefixes": [],
            "destination_application_security_group_ids": [],
            "destination_port_range": "443",
            "destination_port_ranges": [],
            "direction": "Inbound",
            "id": "/subscriptions/6b025554-fc3d-49a6-a9a1-56d397909042/resourceGroups/QIS-Nasuni-pd-scus-rg/providers/Microsoft.Network/networkSecurityGroups/QISSCUTNUNIVP01-PD-nsg/securityRules/HTTPS",
            "name": "HTTPS",
            "network_security_group_name": "QISSCUTNUNIVP01-PD-nsg",
            "priority": 1002,
            "protocol": "Tcp",
            "resource_group_name": "QIS-Nasuni-pd-scus-rg",
            "source_address_prefix": "*",
            "source_address_prefixes": [],
            "source_application_security_group_ids": [],
            "source_port_range": "*",
            "source_port_ranges": [],
            "timeouts": null
          },
          "sensitive_attributes": [],
          "identity_schema_version": 0,
          "private": "eyJlMmJmYjczMC1lY2FhLTExZTYtOGY4OC0zNDM2M2JjN2M0YzAiOnsiY3JlYXRlIjoxODAwMDAwMDAwMDAwLCJkZWxldGUiOjE4MDAwMDAwMDAwMDAsInJlYWQiOjMwMDAwMDAwMDAwMCwidXBkYXRlIjoxODAwMDAwMDAwMDAwfX0=",
          "dependencies": [
            "module.nasuni_appliances_qis.module.azure_nasuni.azurerm_network_security_group.nasuni",
            "module.nasuni_appliances_qis.module.azure_nasuni.data.azurerm_resource_group.nasuni",
            "null_resource.accept_marketplace_terms"
          ]
        },
        {
          "index_key": 1,
          "schema_version": 0,
          "attributes": {
            "access": "Allow",
            "description": "",
            "destination_address_prefix": "*",
            "destination_address_prefixes": [],
            "destination_application_security_group_ids": [],
            "destination_port_range": "8443",
            "destination_port_ranges": [],
            "direction": "Inbound",
            "id": "/subscriptions/6b025554-fc3d-49a6-a9a1-56d397909042/resourceGroups/QIS-Nasuni-pd-scus-rg/providers/Microsoft.Network/networkSecurityGroups/QISSCUTNUNIVP01-PD-nsg/securityRules/NasuniConsole",
            "name": "NasuniConsole",
            "network_security_group_name": "QISSCUTNUNIVP01-PD-nsg",
            "priority": 1003,
            "protocol": "Tcp",
            "resource_group_name": "QIS-Nasuni-pd-scus-rg",
            "source_address_prefix": "*",
            "source_address_prefixes": [],
            "source_application_security_group_ids": [],
            "source_port_range": "*",
            "source_port_ranges": [],
            "timeouts": null
          },
          "sensitive_attributes": [],
          "identity_schema_version": 0,
          "private": "eyJlMmJmYjczMC1lY2FhLTExZTYtOGY4OC0zNDM2M2JjN2M0YzAiOnsiY3JlYXRlIjoxODAwMDAwMDAwMDAwLCJkZWxldGUiOjE4MDAwMDAwMDAwMDAsInJlYWQiOjMwMDAwMDAwMDAwMCwidXBkYXRlIjoxODAwMDAwMDAwMDAwfX0=",
          "dependencies": [
            "module.nasuni_appliances_qis.module.azure_nasuni.azurerm_network_security_group.nasuni",
            "module.nasuni_appliances_qis.module.azure_nasuni.data.azurerm_resource_group.nasuni",
            "null_resource.accept_marketplace_terms"
          ]
        },
        {
          "index_key": 2,
          "schema_version": 0,
          "attributes": {
            "access": "Allow",
            "description": "",
            "destination_address_prefix": "*",
            "destination_address_prefixes": [],
            "destination_application_security_group_ids": [],
            "destination_port_range": "445",
            "destination_port_ranges": [],
            "direction": "Inbound",
            "id": "/subscriptions/6b025554-fc3d-49a6-a9a1-56d397909042/resourceGroups/QIS-Nasuni-pd-scus-rg/providers/Microsoft.Network/networkSecurityGroups/QISSCUTNUNIVP01-PD-nsg/securityRules/SMB",
            "name": "SMB",
            "network_security_group_name": "QISSCUTNUNIVP01-PD-nsg",
            "priority": 1004,
            "protocol": "Tcp",
            "resource_group_name": "QIS-Nasuni-pd-scus-rg",
            "source_address_prefix": "*",
            "source_address_prefixes": [],
            "source_application_security_group_ids": [],
            "source_port_range": "*",
            "source_port_ranges": [],
            "timeouts": null
          },
          "sensitive_attributes": [],
          "identity_schema_version": 0,
          "private": "eyJlMmJmYjczMC1lY2FhLTExZTYtOGY4OC0zNDM2M2JjN2M0YzAiOnsiY3JlYXRlIjoxODAwMDAwMDAwMDAwLCJkZWxldGUiOjE4MDAwMDAwMDAwMDAsInJlYWQiOjMwMDAwMDAwMDAwMCwidXBkYXRlIjoxODAwMDAwMDAwMDAwfX0=",
          "dependencies": [
            "module.nasuni_appliances_qis.module.azure_nasuni.azurerm_network_security_group.nasuni",
            "module.nasuni_appliances_qis.module.azure_nasuni.data.azurerm_resource_group.nasuni",
            "null_resource.accept_marketplace_terms"
          ]
        },
        {
          "index_key": 3,
          "schema_version": 0,
          "attributes": {
            "access": "Allow",
            "description": "",
            "destination_address_prefix": "*",
            "destination_address_prefixes": [],
            "destination_application_security_group_ids": [],
            "destination_port_range": "2049",
            "destination_port_ranges": [],
            "direction": "Inbound",
            "id": "/subscriptions/6b025554-fc3d-49a6-a9a1-56d397909042/resourceGroups/QIS-Nasuni-pd-scus-rg/providers/Microsoft.Network/networkSecurityGroups/QISSCUTNUNIVP01-PD-nsg/securityRules/NFS",
            "name": "NFS",
            "network_security_group_name": "QISSCUTNUNIVP01-PD-nsg",
            "priority": 1005,
            "protocol": "Tcp",
            "resource_group_name": "QIS-Nasuni-pd-scus-rg",
            "source_address_prefix": "*",
            "source_address_prefixes": [],
            "source_application_security_group_ids": [],
            "source_port_range": "*",
            "source_port_ranges": [],
            "timeouts": null
          },
          "sensitive_attributes": [],
          "identity_schema_version": 0,
          "private": "eyJlMmJmYjczMC1lY2FhLTExZTYtOGY4OC0zNDM2M2JjN2M0YzAiOnsiY3JlYXRlIjoxODAwMDAwMDAwMDAwLCJkZWxldGUiOjE4MDAwMDAwMDAwMDAsInJlYWQiOjMwMDAwMDAwMDAwMCwidXBkYXRlIjoxODAwMDAwMDAwMDAwfX0=",
          "dependencies": [
            "module.nasuni_appliances_qis.module.azure_nasuni.azurerm_network_security_group.nasuni",
            "module.nasuni_appliances_qis.module.azure_nasuni.data.azurerm_resource_group.nasuni",
            "null_resource.accept_marketplace_terms"
          ]
        }
      ]
    },
    {
      "module": "module.nasuni_appliances_qis[\"QISSCUTNUNIVP01\"].module.azure_nasuni",
      "mode": "managed",
      "type": "azurerm_storage_account",
      "name": "nasuni",
      "provider": "provider[\"registry.terraform.io/hashicorp/azurerm\"].sub2",
      "instances": [
        {
          "index_key": 0,
          "schema_version": 4,
          "attributes": {
            "access_tier": "Hot",
            "account_kind": "StorageV2",
            "account_replication_type": "LRS",
            "account_tier": "Standard",
            "allow_nested_items_to_be_public": true,
            "allowed_copy_scope": "",
            "azure_files_authentication": [],
            "blob_properties": [
              {
                "change_feed_enabled": false,
                "change_feed_retention_in_days": 0,
                "container_delete_retention_policy": [],
                "cors_rule": [],
                "default_service_version": "",
                "delete_retention_policy": [],
                "last_access_time_enabled": false,
                "restore_policy": [],
                "versioning_enabled": false
              }
            ],
            "cross_tenant_replication_enabled": true,
            "custom_domain": [],
            "customer_managed_key": [],
            "default_to_oauth_authentication": false,
            "dns_endpoint_type": "Standard",
            "edge_zone": "",
            "enable_https_traffic_only": true,
            "https_traffic_only_enabled": true,
            "id": "/subscriptions/6b025554-fc3d-49a6-a9a1-56d397909042/resourceGroups/QIS-Nasuni-pd-scus-rg/providers/Microsoft.Storage/storageAccounts/nasuninuuz0lsa",
            "identity": [],
            "immutability_policy": [],
            "infrastructure_encryption_enabled": false,
            "is_hns_enabled": false,
            "large_file_share_enabled": false,
            "local_user_enabled": true,
            "location": "southcentralus",
            "min_tls_version": "TLS1_2",
            "name": "nasuninuuz0lsa",
            "network_rules": [],
            "nfsv3_enabled": false,
            "primary_access_key": "NLLmXsely+9fUr7M5A3pijjUanEU4pQXScZZEoTPNyZuMaVBaviwr119ucF5LKp08Vj65f6Wp3YB+AStXo7PtQ==",
            "primary_blob_connection_string": "DefaultEndpointsProtocol=https;BlobEndpoint=https://nasuninuuz0lsa.blob.core.windows.net/;AccountName=nasuninuuz0lsa;AccountKey=NLLmXsely+9fUr7M5A3pijjUanEU4pQXScZZEoTPNyZuMaVBaviwr119ucF5LKp08Vj65f6Wp3YB+AStXo7PtQ==",
            "primary_blob_endpoint": "https://nasuninuuz0lsa.blob.core.windows.net/",
            "primary_blob_host": "nasuninuuz0lsa.blob.core.windows.net",
            "primary_blob_internet_endpoint": "",
            "primary_blob_internet_host": "",
            "primary_blob_microsoft_endpoint": "",
            "primary_blob_microsoft_host": "",
            "primary_connection_string": "DefaultEndpointsProtocol=https;AccountName=nasuninuuz0lsa;AccountKey=NLLmXsely+9fUr7M5A3pijjUanEU4pQXScZZEoTPNyZuMaVBaviwr119ucF5LKp08Vj65f6Wp3YB+AStXo7PtQ==;EndpointSuffix=core.windows.net",
            "primary_dfs_endpoint": "https://nasuninuuz0lsa.dfs.core.windows.net/",
            "primary_dfs_host": "nasuninuuz0lsa.dfs.core.windows.net",
            "primary_dfs_internet_endpoint": "",
            "primary_dfs_internet_host": "",
            "primary_dfs_microsoft_endpoint": "",
            "primary_dfs_microsoft_host": "",
            "primary_file_endpoint": "https://nasuninuuz0lsa.file.core.windows.net/",
            "primary_file_host": "nasuninuuz0lsa.file.core.windows.net",
            "primary_file_internet_endpoint": "",
            "primary_file_internet_host": "",
            "primary_file_microsoft_endpoint": "",
            "primary_file_microsoft_host": "",
            "primary_location": "southcentralus",
            "primary_queue_endpoint": "https://nasuninuuz0lsa.queue.core.windows.net/",
            "primary_queue_host": "nasuninuuz0lsa.queue.core.windows.net",
            "primary_queue_microsoft_endpoint": "",
            "primary_queue_microsoft_host": "",
            "primary_table_endpoint": "https://nasuninuuz0lsa.table.core.windows.net/",
            "primary_table_host": "nasuninuuz0lsa.table.core.windows.net",
            "primary_table_microsoft_endpoint": "",
            "primary_table_microsoft_host": "",
            "primary_web_endpoint": "https://nasuninuuz0lsa.z21.web.core.windows.net/",
            "primary_web_host": "nasuninuuz0lsa.z21.web.core.windows.net",
            "primary_web_internet_endpoint": "",
            "primary_web_internet_host": "",
            "primary_web_microsoft_endpoint": "",
            "primary_web_microsoft_host": "",
            "public_network_access_enabled": true,
            "queue_encryption_key_type": "Service",
            "queue_properties": [
              {
                "cors_rule": [],
                "hour_metrics": [
                  {
                    "enabled": false,
                    "include_apis": false,
                    "retention_policy_days": 0,
                    "version": "1.0"
                  }
                ],
                "logging": [
                  {
                    "delete": false,
                    "read": false,
                    "retention_policy_days": 0,
                    "version": "1.0",
                    "write": false
                  }
                ],
                "minute_metrics": [
                  {
                    "enabled": false,
                    "include_apis": false,
                    "retention_policy_days": 0,
                    "version": "1.0"
                  }
                ]
              }
            ],
            "resource_group_name": "QIS-Nasuni-pd-scus-rg",
            "routing": [],
            "sas_policy": [],
            "secondary_access_key": "XCbSXCxG4778LOwZOteK3RWBgsfaYjjVNZLxIvA0vMx6KMKBlwEEsoWVJ/xZvqiSEERLH8+IJQfj+AStp1Yr7w==",
            "secondary_blob_connection_string": "",
            "secondary_blob_endpoint": "",
            "secondary_blob_host": "",
            "secondary_blob_internet_endpoint": "",
            "secondary_blob_internet_host": "",
            "secondary_blob_microsoft_endpoint": "",
            "secondary_blob_microsoft_host": "",
            "secondary_connection_string": "DefaultEndpointsProtocol=https;AccountName=nasuninuuz0lsa;AccountKey=XCbSXCxG4778LOwZOteK3RWBgsfaYjjVNZLxIvA0vMx6KMKBlwEEsoWVJ/xZvqiSEERLH8+IJQfj+AStp1Yr7w==;EndpointSuffix=core.windows.net",
            "secondary_dfs_endpoint": "",
            "secondary_dfs_host": "",
            "secondary_dfs_internet_endpoint": "",
            "secondary_dfs_internet_host": "",
            "secondary_dfs_microsoft_endpoint": "",
            "secondary_dfs_microsoft_host": "",
            "secondary_file_endpoint": "",
            "secondary_file_host": "",
            "secondary_file_internet_endpoint": "",
            "secondary_file_internet_host": "",
            "secondary_file_microsoft_endpoint": "",
            "secondary_file_microsoft_host": "",
            "secondary_location": "",
            "secondary_queue_endpoint": "",
            "secondary_queue_host": "",
            "secondary_queue_microsoft_endpoint": "",
            "secondary_queue_microsoft_host": "",
            "secondary_table_endpoint": "",
            "secondary_table_host": "",
            "secondary_table_microsoft_endpoint": "",
            "secondary_table_microsoft_host": "",
            "secondary_web_endpoint": "",
            "secondary_web_host": "",
            "secondary_web_internet_endpoint": "",
            "secondary_web_internet_host": "",
            "secondary_web_microsoft_endpoint": "",
            "secondary_web_microsoft_host": "",
            "sftp_enabled": false,
            "share_properties": [
              {
                "cors_rule": [],
                "retention_policy": [
                  {
                    "days": 7
                  }
                ],
                "smb": []
              }
            ],
            "shared_access_key_enabled": true,
            "static_website": [],
            "table_encryption_key_type": "Service",
            "tags": {
              "Service": "Nasuni",
              "critical-infrastructure": "Yes",
              "environment": "PD",
              "external-facing": "No",
              "owner": "cwilliford@quantaservices.com",
              "project-name": "Nasuni",
              "regulatory-data": "Yes"
            },
            "timeouts": null
          },
          "sensitive_attributes": [
            [
              {
                "type": "get_attr",
                "value": "primary_access_key"
              }
            ],
            [
              {
                "type": "get_attr",
                "value": "primary_blob_connection_string"
              }
            ],
            [
              {
                "type": "get_attr",
                "value": "primary_connection_string"
              }
            ],
            [
              {
                "type": "get_attr",
                "value": "secondary_access_key"
              }
            ],
            [
              {
                "type": "get_attr",
                "value": "secondary_blob_connection_string"
              }
            ],
            [
              {
                "type": "get_attr",
                "value": "secondary_connection_string"
              }
            ]
          ],
          "identity_schema_version": 0,
          "private": "eyJlMmJmYjczMC1lY2FhLTExZTYtOGY4OC0zNDM2M2JjN2M0YzAiOnsiY3JlYXRlIjozNjAwMDAwMDAwMDAwLCJkZWxldGUiOjM2MDAwMDAwMDAwMDAsInJlYWQiOjMwMDAwMDAwMDAwMCwidXBkYXRlIjozNjAwMDAwMDAwMDAwfSwic2NoZW1hX3ZlcnNpb24iOiI0In0=",
          "dependencies": [
            "module.nasuni_appliances_qis.module.azure_nasuni.data.azurerm_resource_group.nasuni",
            "module.nasuni_appliances_qis.module.azure_nasuni.random_string.suffix",
            "null_resource.accept_marketplace_terms"
          ]
        }
      ]
    },
    {
      "module": "module.nasuni_appliances_qis[\"QISSCUTNUNIVP01\"].module.azure_nasuni",
      "mode": "managed",
      "type": "azurerm_subnet",
      "name": "nasuni",
      "provider": "provider[\"registry.terraform.io/hashicorp/azurerm\"].sub2",
      "instances": []
    },
    {
      "module": "module.nasuni_appliances_qis[\"QISSCUTNUNIVP01\"].module.azure_nasuni",
      "mode": "managed",
      "type": "azurerm_virtual_machine_data_disk_attachment",
      "name": "cache",
      "provider": "provider[\"registry.terraform.io/hashicorp/azurerm\"].sub2",
      "instances": [
        {
          "schema_version": 0,
          "attributes": {
            "caching": "ReadWrite",
            "create_option": "Attach",
            "id": "/subscriptions/6b025554-fc3d-49a6-a9a1-56d397909042/resourceGroups/QIS-Nasuni-pd-scus-rg/providers/Microsoft.Compute/virtualMachines/QISSCUTNUNIVP01/dataDisks/QISSCUTNUNIVP01-PD-cache-disk",
            "lun": 0,
            "managed_disk_id": "/subscriptions/6b025554-fc3d-49a6-a9a1-56d397909042/resourceGroups/QIS-Nasuni-pd-scus-rg/providers/Microsoft.Compute/disks/QISSCUTNUNIVP01-PD-cache-disk",
            "timeouts": null,
            "virtual_machine_id": "/subscriptions/6b025554-fc3d-49a6-a9a1-56d397909042/resourceGroups/QIS-Nasuni-pd-scus-rg/providers/Microsoft.Compute/virtualMachines/QISSCUTNUNIVP01",
            "write_accelerator_enabled": false
          },
          "sensitive_attributes": [],
          "identity_schema_version": 0,
          "private": "eyJlMmJmYjczMC1lY2FhLTExZTYtOGY4OC0zNDM2M2JjN2M0YzAiOnsiY3JlYXRlIjoxODAwMDAwMDAwMDAwLCJkZWxldGUiOjE4MDAwMDAwMDAwMDAsInJlYWQiOjMwMDAwMDAwMDAwMCwidXBkYXRlIjoxODAwMDAwMDAwMDAwfX0=",
          "dependencies": [
            "module.nasuni_appliances_qis.module.azure_nasuni.azurerm_linux_virtual_machine.nasuni",
            "module.nasuni_appliances_qis.module.azure_nasuni.azurerm_managed_disk.cache",
            "module.nasuni_appliances_qis.module.azure_nasuni.azurerm_network_interface.nasuni",
            "module.nasuni_appliances_qis.module.azure_nasuni.azurerm_subnet.nasuni",
            "module.nasuni_appliances_qis.module.azure_nasuni.azurerm_virtual_network.nasuni",
            "module.nasuni_appliances_qis.module.azure_nasuni.data.azurerm_resource_group.nasuni",
            "module.nasuni_appliances_qis.module.azure_nasuni.data.azurerm_subnet.existing",
            "null_resource.accept_marketplace_terms"
          ]
        }
      ]
    },
    {
      "module": "module.nasuni_appliances_qis[\"QISSCUTNUNIVP01\"].module.azure_nasuni",
      "mode": "managed",
      "type": "azurerm_virtual_network",
      "name": "nasuni",
      "provider": "provider[\"registry.terraform.io/hashicorp/azurerm\"].sub2",
      "instances": []
    },
    {
      "module": "module.nasuni_appliances_qis[\"QISSCUTNUNIVP01\"].module.azure_nasuni",
      "mode": "managed",
      "type": "random_string",
      "name": "suffix",
      "provider": "provider[\"registry.terraform.io/hashicorp/random\"]",
      "instances": [
        {
          "schema_version": 2,
          "attributes": {
            "id": "nuuz0l",
            "keepers": null,
            "length": 6,
            "lower": true,
            "min_lower": 0,
            "min_numeric": 0,
            "min_special": 0,
            "min_upper": 0,
            "number": true,
            "numeric": true,
            "override_special": null,
            "result": "nuuz0l",
            "special": false,
            "upper": false
          },
          "sensitive_attributes": [],
          "identity_schema_version": 0,
          "dependencies": [
            "null_resource.accept_marketplace_terms"
          ]
        }
      ]
    },
    {
      "module": "module.nasuni_appliances_qti[\"QTICCETNUNIVP01\"].module.azure_nasuni",
      "mode": "data",
      "type": "azurerm_resource_group",
      "name": "nasuni",
      "provider": "provider[\"registry.terraform.io/hashicorp/azurerm\"].sub3",
      "instances": [
        {
          "schema_version": 0,
          "attributes": {
            "id": "/subscriptions/8f054358-9640-4873-a3bf-f1e3547ed39f/resourceGroups/QTI-Nasuni-pd-cace-rg",
            "location": "canadacentral",
            "managed_by": "",
            "name": "QTI-Nasuni-pd-cace-rg",
            "tags": {
              "critical-infrastructure": "yes",
              "environment": "pd",
              "external-facing": "No",
              "owner": "Brian King - Bruce Steinberg",
              "project-name": "Nasuni",
              "regulatory-data": "Yes",
              "service": "Nasuni"
            },
            "timeouts": null
          },
          "sensitive_attributes": [],
          "identity_schema_version": 0
        }
      ]
    },
    {
      "module": "module.nasuni_appliances_qti[\"QTICCETNUNIVP01\"].module.azure_nasuni",
      "mode": "data",
      "type": "azurerm_subnet",
      "name": "existing",
      "provider": "provider[\"registry.terraform.io/hashicorp/azurerm\"].sub3",
      "instances": [
        {
          "index_key": 0,
          "schema_version": 0,
          "attributes": {
            "address_prefix": "10.239.138.0/29",
            "address_prefixes": [
              "10.239.138.0/29"
            ],
            "default_outbound_access_enabled": true,
            "enforce_private_link_endpoint_network_policies": true,
            "enforce_private_link_service_network_policies": false,
            "id": "/subscriptions/8f054358-9640-4873-a3bf-f1e3547ed39f/resourceGroups/QTI-Nasuni-Network-pd-cace-rg/providers/Microsoft.Network/virtualNetworks/QTI-Nasuni-Network-pd-cace-vnet/subnets/QTI-Nasuni-Network-pd-cace-vnet-virtualmachine-subnet",
            "name": "QTI-Nasuni-Network-pd-cace-vnet-virtualmachine-subnet",
            "network_security_group_id": "/subscriptions/8f054358-9640-4873-a3bf-f1e3547ed39f/resourceGroups/QTI-Nasuni-Network-pd-cace-rg/providers/Microsoft.Network/networkSecurityGroups/QTI-Nasuni-Network-pd-cace-vnet-virtualmachine-subnet-nsg",
            "private_endpoint_network_policies": "Disabled",
            "private_endpoint_network_policies_enabled": false,
            "private_link_service_network_policies_enabled": true,
            "resource_group_name": "QTI-Nasuni-Network-pd-cace-rg",
            "route_table_id": "",
            "service_endpoints": [],
            "timeouts": null,
            "virtual_network_name": "QTI-Nasuni-Network-pd-cace-vnet"
          },
          "sensitive_attributes": [],
          "identity_schema_version": 0
        }
      ]
    },
    {
      "module": "module.nasuni_appliances_qti[\"QTICCETNUNIVP01\"].module.azure_nasuni",
      "mode": "managed",
      "type": "azurerm_linux_virtual_machine",
      "name": "nasuni",
      "provider": "provider[\"registry.terraform.io/hashicorp/azurerm\"].sub3",
      "instances": [
        {
          "schema_version": 0,
          "attributes": {
            "additional_capabilities": [],
            "admin_password": "!!!HPVmw@r3!!!",
            "admin_ssh_key": [],
            "admin_username": "qadmin",
            "allow_extension_operations": true,
            "availability_set_id": "",
            "boot_diagnostics": [],
            "bypass_platform_safety_checks_on_user_schedule_enabled": false,
            "capacity_reservation_group_id": "",
            "computer_name": "QTICCETNUNIVP01",
            "custom_data": null,
            "dedicated_host_group_id": "",
            "dedicated_host_id": "",
            "disable_password_authentication": false,
            "disk_controller_type": "SCSI",
            "edge_zone": "",
            "encryption_at_host_enabled": false,
            "eviction_policy": "",
            "extensions_time_budget": "PT1H30M",
            "gallery_application": [],
            "id": "/subscriptions/8f054358-9640-4873-a3bf-f1e3547ed39f/resourceGroups/QTI-Nasuni-pd-cace-rg/providers/Microsoft.Compute/virtualMachines/QTICCETNUNIVP01",
            "identity": [],
            "license_type": "",
            "location": "canadacentral",
            "max_bid_price": -1,
            "name": "QTICCETNUNIVP01",
            "network_interface_ids": [
              "/subscriptions/8f054358-9640-4873-a3bf-f1e3547ed39f/resourceGroups/QTI-Nasuni-pd-cace-rg/providers/Microsoft.Network/networkInterfaces/QTICCETNUNIVP01-PD-nic"
            ],
            "os_disk": [
              {
                "caching": "ReadWrite",
                "diff_disk_settings": [],
                "disk_encryption_set_id": "",
                "disk_size_gb": 32,
                "name": "QTICCETNUNIVP01_OsDisk_1_d9e19b2be5cc4cd2b0dc0b8dde4d3854",
                "secure_vm_disk_encryption_set_id": "",
                "security_encryption_type": "",
                "storage_account_type": "Premium_LRS",
                "write_accelerator_enabled": false
              }
            ],
            "os_image_notification": [],
            "patch_assessment_mode": "ImageDefault",
            "patch_mode": "ImageDefault",
            "plan": [
              {
                "name": "nasuni-nea-9153-prod",
                "product": "nasuni-nea-90-prod",
                "publisher": "nasunicorporation"
              }
            ],
            "platform_fault_domain": -1,
            "priority": "Regular",
            "private_ip_address": "10.239.138.4",
            "private_ip_addresses": [
              "10.239.138.4"
            ],
            "provision_vm_agent": true,
            "proximity_placement_group_id": "",
            "public_ip_address": "",
            "public_ip_addresses": [],
            "reboot_setting": "",
            "resource_group_name": "QTI-Nasuni-pd-cace-rg",
            "secret": [],
            "secure_boot_enabled": false,
            "size": "Standard_D8ads_v5",
            "source_image_id": "",
            "source_image_reference": [
              {
                "offer": "nasuni-nea-90-prod",
                "publisher": "nasunicorporation",
                "sku": "nasuni-nea-9153-prod",
                "version": "latest"
              }
            ],
            "tags": {
              "Service": "Nasuni",
              "critical-infrastructure": "Yes",
              "environment": "PD",
              "external-facing": "No",
              "owner": "cwilliford@quantaservices.com",
              "project-name": "Nasuni",
              "regulatory-data": "Yes"
            },
            "termination_notification": [],
            "timeouts": null,
            "user_data": "",
            "virtual_machine_id": "f5398f66-a374-4840-9f0a-b6a179aacfed",
            "virtual_machine_scale_set_id": "",
            "vm_agent_platform_updates_enabled": false,
            "vtpm_enabled": false,
            "zone": ""
          },
          "sensitive_attributes": [
            [
              {
                "type": "get_attr",
                "value": "admin_password"
              }
            ],
            [
              {
                "type": "get_attr",
                "value": "custom_data"
              }
            ]
          ],
          "identity_schema_version": 0,
          "private": "eyJlMmJmYjczMC1lY2FhLTExZTYtOGY4OC0zNDM2M2JjN2M0YzAiOnsiY3JlYXRlIjoyNzAwMDAwMDAwMDAwLCJkZWxldGUiOjI3MDAwMDAwMDAwMDAsInJlYWQiOjMwMDAwMDAwMDAwMCwidXBkYXRlIjoyNzAwMDAwMDAwMDAwfX0=",
          "dependencies": [
            "module.nasuni_appliances_qti.module.azure_nasuni.azurerm_network_interface.nasuni",
            "module.nasuni_appliances_qti.module.azure_nasuni.azurerm_subnet.nasuni",
            "module.nasuni_appliances_qti.module.azure_nasuni.azurerm_virtual_network.nasuni",
            "module.nasuni_appliances_qti.module.azure_nasuni.data.azurerm_resource_group.nasuni",
            "module.nasuni_appliances_qti.module.azure_nasuni.data.azurerm_subnet.existing",
            "null_resource.accept_marketplace_terms"
          ]
        }
      ]
    },
    {
      "module": "module.nasuni_appliances_qti[\"QTICCETNUNIVP01\"].module.azure_nasuni",
      "mode": "managed",
      "type": "azurerm_managed_disk",
      "name": "cache",
      "provider": "provider[\"registry.terraform.io/hashicorp/azurerm\"].sub3",
      "instances": [
        {
          "schema_version": 1,
          "attributes": {
            "create_option": "Empty",
            "disk_access_id": "",
            "disk_encryption_set_id": "",
            "disk_iops_read_only": 0,
            "disk_iops_read_write": 5000,
            "disk_mbps_read_only": 0,
            "disk_mbps_read_write": 200,
            "disk_size_gb": 1024,
            "edge_zone": "",
            "encryption_settings": [],
            "gallery_image_reference_id": "",
            "hyper_v_generation": "",
            "id": "/subscriptions/8f054358-9640-4873-a3bf-f1e3547ed39f/resourceGroups/QTI-Nasuni-pd-cace-rg/providers/Microsoft.Compute/disks/QTICCETNUNIVP01-PD-cache-disk",
            "image_reference_id": "",
            "location": "canadacentral",
            "logical_sector_size": null,
            "max_shares": 0,
            "name": "QTICCETNUNIVP01-PD-cache-disk",
            "network_access_policy": null,
            "on_demand_bursting_enabled": false,
            "optimized_frequent_attach_enabled": false,
            "os_type": "",
            "performance_plus_enabled": false,
            "public_network_access_enabled": true,
            "resource_group_name": "QTI-Nasuni-pd-cace-rg",
            "secure_vm_disk_encryption_set_id": "",
            "security_type": "",
            "source_resource_id": "",
            "source_uri": "",
            "storage_account_id": "",
            "storage_account_type": "Premium_LRS",
            "tags": {
              "Service": "Nasuni",
              "critical-infrastructure": "Yes",
              "environment": "PD",
              "external-facing": "No",
              "owner": "cwilliford@quantaservices.com",
              "project-name": "Nasuni",
              "regulatory-data": "Yes"
            },
            "tier": "P30",
            "timeouts": null,
            "trusted_launch_enabled": false,
            "upload_size_bytes": 0,
            "zone": ""
          },
          "sensitive_attributes": [],
          "identity_schema_version": 0,
          "private": "eyJlMmJmYjczMC1lY2FhLTExZTYtOGY4OC0zNDM2M2JjN2M0YzAiOnsiY3JlYXRlIjoxODAwMDAwMDAwMDAwLCJkZWxldGUiOjE4MDAwMDAwMDAwMDAsInJlYWQiOjMwMDAwMDAwMDAwMCwidXBkYXRlIjoxODAwMDAwMDAwMDAwfSwic2NoZW1hX3ZlcnNpb24iOiIxIn0=",
          "dependencies": [
            "module.nasuni_appliances_qti.module.azure_nasuni.data.azurerm_resource_group.nasuni",
            "null_resource.accept_marketplace_terms"
          ]
        }
      ]
    },
    {
      "module": "module.nasuni_appliances_qti[\"QTICCETNUNIVP01\"].module.azure_nasuni",
      "mode": "managed",
      "type": "azurerm_network_interface",
      "name": "nasuni",
      "provider": "provider[\"registry.terraform.io/hashicorp/azurerm\"].sub3",
      "instances": [
        {
          "schema_version": 0,
          "attributes": {
            "accelerated_networking_enabled": false,
            "applied_dns_servers": [],
            "auxiliary_mode": "",
            "auxiliary_sku": "",
            "dns_servers": [],
            "edge_zone": "",
            "enable_accelerated_networking": false,
            "enable_ip_forwarding": false,
            "id": "/subscriptions/8f054358-9640-4873-a3bf-f1e3547ed39f/resourceGroups/QTI-Nasuni-pd-cace-rg/providers/Microsoft.Network/networkInterfaces/QTICCETNUNIVP01-PD-nic",
            "internal_dns_name_label": "",
            "internal_domain_name_suffix": "fkf54zngpygebj32dlzdvhm1qb.ux.internal.cloudapp.net",
            "ip_configuration": [
              {
                "gateway_load_balancer_frontend_ip_configuration_id": "",
                "name": "internal",
                "primary": true,
                "private_ip_address": "10.239.138.4",
                "private_ip_address_allocation": "Dynamic",
                "private_ip_address_version": "IPv4",
                "public_ip_address_id": "",
                "subnet_id": "/subscriptions/8f054358-9640-4873-a3bf-f1e3547ed39f/resourceGroups/QTI-Nasuni-Network-pd-cace-rg/providers/Microsoft.Network/virtualNetworks/QTI-Nasuni-Network-pd-cace-vnet/subnets/QTI-Nasuni-Network-pd-cace-vnet-virtualmachine-subnet"
              }
            ],
            "ip_forwarding_enabled": false,
            "location": "canadacentral",
            "mac_address": "7C-ED-8D-66-7B-80",
            "name": "QTICCETNUNIVP01-PD-nic",
            "private_ip_address": "10.239.138.4",
            "private_ip_addresses": [
              "10.239.138.4"
            ],
            "resource_group_name": "QTI-Nasuni-pd-cace-rg",
            "tags": {
              "Service": "Nasuni",
              "critical-infrastructure": "Yes",
              "environment": "PD",
              "external-facing": "No",
              "owner": "cwilliford@quantaservices.com",
              "project-name": "Nasuni",
              "regulatory-data": "Yes"
            },
            "timeouts": null,
            "virtual_machine_id": "/subscriptions/8f054358-9640-4873-a3bf-f1e3547ed39f/resourceGroups/QTI-Nasuni-pd-cace-rg/providers/Microsoft.Compute/virtualMachines/QTICCETNUNIVP01"
          },
          "sensitive_attributes": [],
          "identity_schema_version": 0,
          "private": "eyJlMmJmYjczMC1lY2FhLTExZTYtOGY4OC0zNDM2M2JjN2M0YzAiOnsiY3JlYXRlIjoxODAwMDAwMDAwMDAwLCJkZWxldGUiOjE4MDAwMDAwMDAwMDAsInJlYWQiOjMwMDAwMDAwMDAwMCwidXBkYXRlIjoxODAwMDAwMDAwMDAwfX0=",
          "dependencies": [
            "module.nasuni_appliances_qti.module.azure_nasuni.azurerm_subnet.nasuni",
            "module.nasuni_appliances_qti.module.azure_nasuni.azurerm_virtual_network.nasuni",
            "module.nasuni_appliances_qti.module.azure_nasuni.data.azurerm_resource_group.nasuni",
            "module.nasuni_appliances_qti.module.azure_nasuni.data.azurerm_subnet.existing",
            "null_resource.accept_marketplace_terms"
          ]
        }
      ]
    },
    {
      "module": "module.nasuni_appliances_qti[\"QTICCETNUNIVP01\"].module.azure_nasuni",
      "mode": "managed",
      "type": "azurerm_network_security_group",
      "name": "nasuni",
      "provider": "provider[\"registry.terraform.io/hashicorp/azurerm\"].sub3",
      "instances": [
        {
          "schema_version": 0,
          "attributes": {
            "id": "/subscriptions/8f054358-9640-4873-a3bf-f1e3547ed39f/resourceGroups/QTI-Nasuni-pd-cace-rg/providers/Microsoft.Network/networkSecurityGroups/QTICCETNUNIVP01-PD-nsg",
            "location": "canadacentral",
            "name": "QTICCETNUNIVP01-PD-nsg",
            "resource_group_name": "QTI-Nasuni-pd-cace-rg",
            "security_rule": [
              {
                "access": "Allow",
                "description": "",
                "destination_address_prefix": "*",
                "destination_address_prefixes": [],
                "destination_application_security_group_ids": [],
                "destination_port_range": "2049",
                "destination_port_ranges": [],
                "direction": "Inbound",
                "name": "NFS",
                "priority": 1005,
                "protocol": "Tcp",
                "source_address_prefix": "*",
                "source_address_prefixes": [],
                "source_application_security_group_ids": [],
                "source_port_range": "*",
                "source_port_ranges": []
              },
              {
                "access": "Allow",
                "description": "",
                "destination_address_prefix": "*",
                "destination_address_prefixes": [],
                "destination_application_security_group_ids": [],
                "destination_port_range": "443",
                "destination_port_ranges": [],
                "direction": "Inbound",
                "name": "HTTPS",
                "priority": 1002,
                "protocol": "Tcp",
                "source_address_prefix": "*",
                "source_address_prefixes": [],
                "source_application_security_group_ids": [],
                "source_port_range": "*",
                "source_port_ranges": []
              },
              {
                "access": "Allow",
                "description": "",
                "destination_address_prefix": "*",
                "destination_address_prefixes": [],
                "destination_application_security_group_ids": [],
                "destination_port_range": "445",
                "destination_port_ranges": [],
                "direction": "Inbound",
                "name": "SMB",
                "priority": 1004,
                "protocol": "Tcp",
                "source_address_prefix": "*",
                "source_address_prefixes": [],
                "source_application_security_group_ids": [],
                "source_port_range": "*",
                "source_port_ranges": []
              },
              {
                "access": "Allow",
                "description": "",
                "destination_address_prefix": "*",
                "destination_address_prefixes": [],
                "destination_application_security_group_ids": [],
                "destination_port_range": "8443",
                "destination_port_ranges": [],
                "direction": "Inbound",
                "name": "NasuniConsole",
                "priority": 1003,
                "protocol": "Tcp",
                "source_address_prefix": "*",
                "source_address_prefixes": [],
                "source_application_security_group_ids": [],
                "source_port_range": "*",
                "source_port_ranges": []
              }
            ],
            "tags": {
              "Service": "Nasuni",
              "critical-infrastructure": "Yes",
              "environment": "PD",
              "external-facing": "No",
              "owner": "cwilliford@quantaservices.com",
              "project-name": "Nasuni",
              "regulatory-data": "Yes"
            },
            "timeouts": null
          },
          "sensitive_attributes": [],
          "identity_schema_version": 0,
          "private": "eyJlMmJmYjczMC1lY2FhLTExZTYtOGY4OC0zNDM2M2JjN2M0YzAiOnsiY3JlYXRlIjoxODAwMDAwMDAwMDAwLCJkZWxldGUiOjE4MDAwMDAwMDAwMDAsInJlYWQiOjMwMDAwMDAwMDAwMCwidXBkYXRlIjoxODAwMDAwMDAwMDAwfX0=",
          "dependencies": [
            "module.nasuni_appliances_qti.module.azure_nasuni.data.azurerm_resource_group.nasuni",
            "null_resource.accept_marketplace_terms"
          ]
        }
      ]
    },
    {
      "module": "module.nasuni_appliances_qti[\"QTICCETNUNIVP01\"].module.azure_nasuni",
      "mode": "managed",
      "type": "azurerm_subnet",
      "name": "nasuni",
      "provider": "provider[\"registry.terraform.io/hashicorp/azurerm\"].sub3",
      "instances": []
    },
    {
      "module": "module.nasuni_appliances_qti[\"QTICCETNUNIVP01\"].module.azure_nasuni",
      "mode": "managed",
      "type": "azurerm_virtual_network",
      "name": "nasuni",
      "provider": "provider[\"registry.terraform.io/hashicorp/azurerm\"].sub3",
      "instances": []
    },
    {
      "module": "module.nasuni_appliances_qti[\"QTICCETNUNIVP01\"].module.azure_nasuni",
      "mode": "managed",
      "type": "random_string",
      "name": "suffix",
      "provider": "provider[\"registry.terraform.io/hashicorp/random\"]",
      "instances": [
        {
          "schema_version": 2,
          "attributes": {
            "id": "zmpk9h",
            "keepers": null,
            "length": 6,
            "lower": true,
            "min_lower": 0,
            "min_numeric": 0,
            "min_special": 0,
            "min_upper": 0,
            "number": true,
            "numeric": true,
            "override_special": null,
            "result": "zmpk9h",
            "special": false,
            "upper": false
          },
          "sensitive_attributes": [],
          "identity_schema_version": 0,
          "dependencies": [
            "null_resource.accept_marketplace_terms"
          ]
        }
      ]
    },
    {
      "module": "module.nasuni_appliances_qti[\"QTIEU2TNUNIVP01\"].module.azure_nasuni",
      "mode": "data",
      "type": "azurerm_resource_group",
      "name": "nasuni",
      "provider": "provider[\"registry.terraform.io/hashicorp/azurerm\"].sub3",
      "instances": [
        {
          "schema_version": 0,
          "attributes": {
            "id": "/subscriptions/8f054358-9640-4873-a3bf-f1e3547ed39f/resourceGroups/QTI-Nasuni-pd-eus1-rg",
            "location": "eastus",
            "managed_by": "",
            "name": "QTI-Nasuni-pd-eus1-rg",
            "tags": {
              "critical-infrastructure": "no",
              "environment": "pd",
              "external-facing": "No",
              "owner": "Brian King - Bruce Steinberg",
              "project-name": "Nasuni",
              "regulatory-data": "yes",
              "service": "Nasuni"
            },
            "timeouts": null
          },
          "sensitive_attributes": [],
          "identity_schema_version": 0
        }
      ]
    },
    {
      "module": "module.nasuni_appliances_qti[\"QTIEU2TNUNIVP01\"].module.azure_nasuni",
      "mode": "data",
      "type": "azurerm_subnet",
      "name": "existing",
      "provider": "provider[\"registry.terraform.io/hashicorp/azurerm\"].sub3",
      "instances": [
        {
          "index_key": 0,
          "schema_version": 0,
          "attributes": {
            "address_prefix": "10.237.10.0/29",
            "address_prefixes": [
              "10.237.10.0/29"
            ],
            "default_outbound_access_enabled": true,
            "enforce_private_link_endpoint_network_policies": true,
            "enforce_private_link_service_network_policies": false,
            "id": "/subscriptions/8f054358-9640-4873-a3bf-f1e3547ed39f/resourceGroups/QTI-Nasuni-Network-pd-eus1-rg/providers/Microsoft.Network/virtualNetworks/QTI-Nasuni-Network-pd-eus1-vnet/subnets/QTI-Nasuni-Network-pd-eus1-vnet-virtualmachine-subnet",
            "name": "QTI-Nasuni-Network-pd-eus1-vnet-virtualmachine-subnet",
            "network_security_group_id": "/subscriptions/8f054358-9640-4873-a3bf-f1e3547ed39f/resourceGroups/QTI-Nasuni-Network-pd-eus1-rg/providers/Microsoft.Network/networkSecurityGroups/QTI-Nasuni-Network-pd-eus1-vnet-virtualmachine-subnet-nsg",
            "private_endpoint_network_policies": "Disabled",
            "private_endpoint_network_policies_enabled": false,
            "private_link_service_network_policies_enabled": true,
            "resource_group_name": "QTI-Nasuni-Network-pd-eus1-rg",
            "route_table_id": "",
            "service_endpoints": [],
            "timeouts": null,
            "virtual_network_name": "QTI-Nasuni-Network-pd-eus1-vnet"
          },
          "sensitive_attributes": [],
          "identity_schema_version": 0
        }
      ]
    },
    {
      "module": "module.nasuni_appliances_qti[\"QTIEU2TNUNIVP01\"].module.azure_nasuni",
      "mode": "managed",
      "type": "azurerm_network_interface",
      "name": "nasuni",
      "provider": "provider[\"registry.terraform.io/hashicorp/azurerm\"].sub3",
      "instances": [
        {
          "schema_version": 0,
          "attributes": {
            "accelerated_networking_enabled": false,
            "applied_dns_servers": [],
            "auxiliary_mode": "",
            "auxiliary_sku": "",
            "dns_servers": [],
            "edge_zone": "",
            "enable_accelerated_networking": false,
            "enable_ip_forwarding": false,
            "id": "/subscriptions/8f054358-9640-4873-a3bf-f1e3547ed39f/resourceGroups/QTI-Nasuni-pd-eus1-rg/providers/Microsoft.Network/networkInterfaces/QTIEU2TNUNIVP01-PD-nic",
            "internal_dns_name_label": "",
            "internal_domain_name_suffix": "24sysdualpgubloq1wvkrxjukd.bx.internal.cloudapp.net",
            "ip_configuration": [
              {
                "gateway_load_balancer_frontend_ip_configuration_id": "",
                "name": "internal",
                "primary": true,
                "private_ip_address": "10.237.10.4",
                "private_ip_address_allocation": "Dynamic",
                "private_ip_address_version": "IPv4",
                "public_ip_address_id": "",
                "subnet_id": "/subscriptions/8f054358-9640-4873-a3bf-f1e3547ed39f/resourceGroups/QTI-Nasuni-Network-pd-eus1-rg/providers/Microsoft.Network/virtualNetworks/QTI-Nasuni-Network-pd-eus1-vnet/subnets/QTI-Nasuni-Network-pd-eus1-vnet-virtualmachine-subnet"
              }
            ],
            "ip_forwarding_enabled": false,
            "location": "eastus",
            "mac_address": "",
            "name": "QTIEU2TNUNIVP01-PD-nic",
            "private_ip_address": "10.237.10.4",
            "private_ip_addresses": [
              "10.237.10.4"
            ],
            "resource_group_name": "QTI-Nasuni-pd-eus1-rg",
            "tags": {
              "Service": "Nasuni",
              "critical-infrastructure": "Yes",
              "environment": "PD",
              "external-facing": "No",
              "owner": "cwilliford@quantaservices.com",
              "project-name": "Nasuni",
              "regulatory-data": "Yes"
            },
            "timeouts": null,
            "virtual_machine_id": ""
          },
          "sensitive_attributes": [],
          "identity_schema_version": 0,
          "private": "eyJlMmJmYjczMC1lY2FhLTExZTYtOGY4OC0zNDM2M2JjN2M0YzAiOnsiY3JlYXRlIjoxODAwMDAwMDAwMDAwLCJkZWxldGUiOjE4MDAwMDAwMDAwMDAsInJlYWQiOjMwMDAwMDAwMDAwMCwidXBkYXRlIjoxODAwMDAwMDAwMDAwfX0=",
          "dependencies": [
            "module.nasuni_appliances_qti.module.azure_nasuni.azurerm_subnet.nasuni",
            "module.nasuni_appliances_qti.module.azure_nasuni.azurerm_virtual_network.nasuni",
            "module.nasuni_appliances_qti.module.azure_nasuni.data.azurerm_resource_group.nasuni",
            "module.nasuni_appliances_qti.module.azure_nasuni.data.azurerm_subnet.existing",
            "null_resource.accept_marketplace_terms"
          ]
        }
      ]
    },
    {
      "module": "module.nasuni_appliances_qti[\"QTIEU2TNUNIVP01\"].module.azure_nasuni",
      "mode": "managed",
      "type": "azurerm_network_security_group",
      "name": "nasuni",
      "provider": "provider[\"registry.terraform.io/hashicorp/azurerm\"].sub3",
      "instances": [
        {
          "schema_version": 0,
          "attributes": {
            "id": "/subscriptions/8f054358-9640-4873-a3bf-f1e3547ed39f/resourceGroups/QTI-Nasuni-pd-eus1-rg/providers/Microsoft.Network/networkSecurityGroups/QTIEU2TNUNIVP01-PD-nsg",
            "location": "eastus",
            "name": "QTIEU2TNUNIVP01-PD-nsg",
            "resource_group_name": "QTI-Nasuni-pd-eus1-rg",
            "security_rule": [
              {
                "access": "Allow",
                "description": "",
                "destination_address_prefix": "*",
                "destination_address_prefixes": [],
                "destination_application_security_group_ids": [],
                "destination_port_range": "2049",
                "destination_port_ranges": [],
                "direction": "Inbound",
                "name": "NFS",
                "priority": 1005,
                "protocol": "Tcp",
                "source_address_prefix": "*",
                "source_address_prefixes": [],
                "source_application_security_group_ids": [],
                "source_port_range": "*",
                "source_port_ranges": []
              },
              {
                "access": "Allow",
                "description": "",
                "destination_address_prefix": "*",
                "destination_address_prefixes": [],
                "destination_application_security_group_ids": [],
                "destination_port_range": "443",
                "destination_port_ranges": [],
                "direction": "Inbound",
                "name": "HTTPS",
                "priority": 1002,
                "protocol": "Tcp",
                "source_address_prefix": "*",
                "source_address_prefixes": [],
                "source_application_security_group_ids": [],
                "source_port_range": "*",
                "source_port_ranges": []
              },
              {
                "access": "Allow",
                "description": "",
                "destination_address_prefix": "*",
                "destination_address_prefixes": [],
                "destination_application_security_group_ids": [],
                "destination_port_range": "445",
                "destination_port_ranges": [],
                "direction": "Inbound",
                "name": "SMB",
                "priority": 1004,
                "protocol": "Tcp",
                "source_address_prefix": "*",
                "source_address_prefixes": [],
                "source_application_security_group_ids": [],
                "source_port_range": "*",
                "source_port_ranges": []
              },
              {
                "access": "Allow",
                "description": "",
                "destination_address_prefix": "*",
                "destination_address_prefixes": [],
                "destination_application_security_group_ids": [],
                "destination_port_range": "8443",
                "destination_port_ranges": [],
                "direction": "Inbound",
                "name": "NasuniConsole",
                "priority": 1003,
                "protocol": "Tcp",
                "source_address_prefix": "*",
                "source_address_prefixes": [],
                "source_application_security_group_ids": [],
                "source_port_range": "*",
                "source_port_ranges": []
              }
            ],
            "tags": {
              "Service": "Nasuni",
              "critical-infrastructure": "Yes",
              "environment": "PD",
              "external-facing": "No",
              "owner": "cwilliford@quantaservices.com",
              "project-name": "Nasuni",
              "regulatory-data": "Yes"
            },
            "timeouts": null
          },
          "sensitive_attributes": [],
          "identity_schema_version": 0,
          "private": "eyJlMmJmYjczMC1lY2FhLTExZTYtOGY4OC0zNDM2M2JjN2M0YzAiOnsiY3JlYXRlIjoxODAwMDAwMDAwMDAwLCJkZWxldGUiOjE4MDAwMDAwMDAwMDAsInJlYWQiOjMwMDAwMDAwMDAwMCwidXBkYXRlIjoxODAwMDAwMDAwMDAwfX0=",
          "dependencies": [
            "module.nasuni_appliances_qti.module.azure_nasuni.data.azurerm_resource_group.nasuni",
            "null_resource.accept_marketplace_terms"
          ]
        }
      ]
    },
    {
      "module": "module.nasuni_appliances_qti[\"QTIEU2TNUNIVP01\"].module.azure_nasuni",
      "mode": "managed",
      "type": "azurerm_network_security_rule",
      "name": "nasuni",
      "provider": "provider[\"registry.terraform.io/hashicorp/azurerm\"].sub3",
      "instances": [
        {
          "index_key": 3,
          "schema_version": 0,
          "attributes": {
            "access": "Allow",
            "description": "",
            "destination_address_prefix": "*",
            "destination_address_prefixes": [],
            "destination_application_security_group_ids": [],
            "destination_port_range": "2049",
            "destination_port_ranges": [],
            "direction": "Inbound",
            "id": "/subscriptions/8f054358-9640-4873-a3bf-f1e3547ed39f/resourceGroups/QTI-Nasuni-pd-eus1-rg/providers/Microsoft.Network/networkSecurityGroups/QTIEU2TNUNIVP01-PD-nsg/securityRules/NFS",
            "name": "NFS",
            "network_security_group_name": "QTIEU2TNUNIVP01-PD-nsg",
            "priority": 1005,
            "protocol": "Tcp",
            "resource_group_name": "QTI-Nasuni-pd-eus1-rg",
            "source_address_prefix": "*",
            "source_address_prefixes": [],
            "source_application_security_group_ids": [],
            "source_port_range": "*",
            "source_port_ranges": [],
            "timeouts": null
          },
          "sensitive_attributes": [],
          "identity_schema_version": 0,
          "private": "eyJlMmJmYjczMC1lY2FhLTExZTYtOGY4OC0zNDM2M2JjN2M0YzAiOnsiY3JlYXRlIjoxODAwMDAwMDAwMDAwLCJkZWxldGUiOjE4MDAwMDAwMDAwMDAsInJlYWQiOjMwMDAwMDAwMDAwMCwidXBkYXRlIjoxODAwMDAwMDAwMDAwfX0=",
          "dependencies": [
            "module.nasuni_appliances_qti.module.azure_nasuni.azurerm_network_security_group.nasuni",
            "module.nasuni_appliances_qti.module.azure_nasuni.data.azurerm_resource_group.nasuni",
            "null_resource.accept_marketplace_terms"
          ]
        }
      ]
    },
    {
      "module": "module.nasuni_appliances_qti[\"QTIEU2TNUNIVP01\"].module.azure_nasuni",
      "mode": "managed",
      "type": "azurerm_subnet",
      "name": "nasuni",
      "provider": "provider[\"registry.terraform.io/hashicorp/azurerm\"].sub3",
      "instances": []
    },
    {
      "module": "module.nasuni_appliances_qti[\"QTIEU2TNUNIVP01\"].module.azure_nasuni",
      "mode": "managed",
      "type": "azurerm_virtual_network",
      "name": "nasuni",
      "provider": "provider[\"registry.terraform.io/hashicorp/azurerm\"].sub3",
      "instances": []
    },
    {
      "module": "module.nasuni_appliances_qti[\"QTIEU2TNUNIVP01\"].module.azure_nasuni",
      "mode": "managed",
      "type": "random_string",
      "name": "suffix",
      "provider": "provider[\"registry.terraform.io/hashicorp/random\"]",
      "instances": [
        {
          "schema_version": 2,
          "attributes": {
            "id": "wz5amh",
            "keepers": null,
            "length": 6,
            "lower": true,
            "min_lower": 0,
            "min_numeric": 0,
            "min_special": 0,
            "min_upper": 0,
            "number": true,
            "numeric": true,
            "override_special": null,
            "result": "wz5amh",
            "special": false,
            "upper": false
          },
          "sensitive_attributes": [],
          "identity_schema_version": 0,
          "dependencies": [
            "null_resource.accept_marketplace_terms"
          ]
        }
      ]
    }
  ],
  "check_results": null
}
